
Microsoft Visual Studio Solution File, Format Version 11.00
# Visual Studio 2010
Project("{2150E333-8FDC-42A3-9474-1A3956D46DE8}") = ".nuget", ".nuget", "{0A05FDA9-C3DD-4390-ACF3-8CC1E3C15F64}"
	ProjectSection(SolutionItems) = preProject
		.nuget\Cavity Data (CSV) xUnit Extensions.nuspec = .nuget\Cavity Data (CSV) xUnit Extensions.nuspec
		Cavity Data (CSV).bundle = Cavity Data (CSV).bundle
		.nuget\Cavity Data (CSV).nuspec = .nuget\Cavity Data (CSV).nuspec
		.nuget\NuGet.exe = .nuget\NuGet.exe
		.nuget\NuGet.targets = .nuget\NuGet.targets
	EndProjectSection
EndProject
Project("{FAE04EC0-301F-11D3-BF4B-00C04F79EFBC}") = "Data.Csv", "Class Libraries\Data.Csv\Data.Csv.csproj", "{1ACBDACF-14B0-4B7E-9FCA-9ADFB0F803E0}"
EndProject
Project("{FAE04EC0-301F-11D3-BF4B-00C04F79EFBC}") = "Data.Csv.Xunit", "Class Libraries\Data.Csv.Xunit\Data.Csv.Xunit.csproj", "{407AA08B-608C-481C-A98E-4AB32FAB30F8}"
EndProject
Global
	GlobalSection(SolutionConfigurationPlatforms) = preSolution
		Debug|Any CPU = Debug|Any CPU
		Release|Any CPU = Release|Any CPU
	EndGlobalSection
	GlobalSection(ProjectConfigurationPlatforms) = postSolution
		{1ACBDACF-14B0-4B7E-9FCA-9ADFB0F803E0}.Debug|Any CPU.ActiveCfg = Debug|Any CPU
		{1ACBDACF-14B0-4B7E-9FCA-9ADFB0F803E0}.Debug|Any CPU.Build.0 = Debug|Any CPU
		{1ACBDACF-14B0-4B7E-9FCA-9ADFB0F803E0}.Release|Any CPU.ActiveCfg = Release|Any CPU
		{1ACBDACF-14B0-4B7E-9FCA-9ADFB0F803E0}.Release|Any CPU.Build.0 = Release|Any CPU
		{407AA08B-608C-481C-A98E-4AB32FAB30F8}.Debug|Any CPU.ActiveCfg = Debug|Any CPU
		{407AA08B-608C-481C-A98E-4AB32FAB30F8}.Debug|Any CPU.Build.0 = Debug|Any CPU
		{407AA08B-608C-481C-A98E-4AB32FAB30F8}.Release|Any CPU.ActiveCfg = Release|Any CPU
		{407AA08B-608C-481C-A98E-4AB32FAB30F8}.Release|Any CPU.Build.0 = Release|Any CPU
	EndGlobalSection
	GlobalSection(SolutionProperties) = preSolution
		HideSolutionNode = FALSE
	EndGlobalSection
EndGlobal
