
Microsoft Visual Studio Solution File, Format Version 11.00
# Visual Studio 2010
Project("{FAE04EC0-301F-11D3-BF4B-00C04F79EFBC}") = "ServiceLocation", "Class Libraries\ServiceLocation\ServiceLocation.csproj", "{6FE7A292-4EF7-4DA1-95AF-6F03822042E7}"
EndProject
Project("{FAE04EC0-301F-11D3-BF4B-00C04F79EFBC}") = "ServiceLocation.Facts", "Class Libraries\ServiceLocation.Facts\ServiceLocation.Facts.csproj", "{9E656B3A-FF1E-4CA4-8E6B-4BD7ADF1809F}"
EndProject
Global
	GlobalSection(SolutionConfigurationPlatforms) = preSolution
		Debug|Any CPU = Debug|Any CPU
		Release|Any CPU = Release|Any CPU
		Debug|x64 = Debug|x64
		Release|x64 = Release|x64
		Debug|x86 = Debug|x86
		Release|x86 = Release|x86
	EndGlobalSection
	GlobalSection(ProjectConfigurationPlatforms) = postSolution
		{6FE7A292-4EF7-4DA1-95AF-6F03822042E7}.Debug|Any CPU.ActiveCfg = Debug|Any CPU
		{6FE7A292-4EF7-4DA1-95AF-6F03822042E7}.Debug|Any CPU.Build.0 = Debug|Any CPU
		{6FE7A292-4EF7-4DA1-95AF-6F03822042E7}.Release|Any CPU.ActiveCfg = Release|Any CPU
		{6FE7A292-4EF7-4DA1-95AF-6F03822042E7}.Release|Any CPU.Build.0 = Release|Any CPU
		{6FE7A292-4EF7-4DA1-95AF-6F03822042E7}.Debug|x64.ActiveCfg = Debug|x64
		{6FE7A292-4EF7-4DA1-95AF-6F03822042E7}.Debug|x64.Build.0 = Debug|x64
		{6FE7A292-4EF7-4DA1-95AF-6F03822042E7}.Release|x64.ActiveCfg = Release|x64
		{6FE7A292-4EF7-4DA1-95AF-6F03822042E7}.Release|x64.Build.0 = Release|x64
		{6FE7A292-4EF7-4DA1-95AF-6F03822042E7}.Debug|x86.ActiveCfg = Debug|x86
		{6FE7A292-4EF7-4DA1-95AF-6F03822042E7}.Debug|x86.Build.0 = Debug|x86
		{6FE7A292-4EF7-4DA1-95AF-6F03822042E7}.Release|x86.ActiveCfg = Release|x86
		{6FE7A292-4EF7-4DA1-95AF-6F03822042E7}.Release|x86.Build.0 = Release|x86
		{9E656B3A-FF1E-4CA4-8E6B-4BD7ADF1809F}.Debug|Any CPU.ActiveCfg = Debug|Any CPU
		{9E656B3A-FF1E-4CA4-8E6B-4BD7ADF1809F}.Debug|Any CPU.Build.0 = Debug|Any CPU
		{9E656B3A-FF1E-4CA4-8E6B-4BD7ADF1809F}.Release|Any CPU.ActiveCfg = Release|Any CPU
		{9E656B3A-FF1E-4CA4-8E6B-4BD7ADF1809F}.Release|Any CPU.Build.0 = Release|Any CPU
		{9E656B3A-FF1E-4CA4-8E6B-4BD7ADF1809F}.Debug|x64.ActiveCfg = Debug|x64
		{9E656B3A-FF1E-4CA4-8E6B-4BD7ADF1809F}.Debug|x64.Build.0 = Debug|x64
		{9E656B3A-FF1E-4CA4-8E6B-4BD7ADF1809F}.Release|x64.ActiveCfg = Release|x64
		{9E656B3A-FF1E-4CA4-8E6B-4BD7ADF1809F}.Release|x64.Build.0 = Release|x64
		{9E656B3A-FF1E-4CA4-8E6B-4BD7ADF1809F}.Debug|x86.ActiveCfg = Debug|x86
		{9E656B3A-FF1E-4CA4-8E6B-4BD7ADF1809F}.Debug|x86.Build.0 = Debug|x86
		{9E656B3A-FF1E-4CA4-8E6B-4BD7ADF1809F}.Release|x86.ActiveCfg = Release|x86
		{9E656B3A-FF1E-4CA4-8E6B-4BD7ADF1809F}.Release|x86.Build.0 = Release|x86
	EndGlobalSection
	GlobalSection(SolutionProperties) = preSolution
		HideSolutionNode = FALSE
	EndGlobalSection
EndGlobal
