
Microsoft Visual Studio Solution File, Format Version 11.00
# Visual Studio 2010
Project("{FAE04EC0-301F-11D3-BF4B-00C04F79EFBC}") = "Data.File", "Class Libraries\Data.File\Data.File.csproj", "{94A4843F-2FCA-48D9-84EF-4250D51DB2EF}"
EndProject
Project("{FAE04EC0-301F-11D3-BF4B-00C04F79EFBC}") = "Data.File.Facts", "Class Libraries\Data.File.Facts\Data.File.Facts.csproj", "{EFFAFE17-5D62-4B78-AC53-04CBCBB6A369}"
EndProject
Global
	GlobalSection(SolutionConfigurationPlatforms) = preSolution
		Debug|Any CPU = Debug|Any CPU
		Release|Any CPU = Release|Any CPU
	EndGlobalSection
	GlobalSection(ProjectConfigurationPlatforms) = postSolution
		{94A4843F-2FCA-48D9-84EF-4250D51DB2EF}.Debug|Any CPU.ActiveCfg = Debug|Any CPU
		{94A4843F-2FCA-48D9-84EF-4250D51DB2EF}.Debug|Any CPU.Build.0 = Debug|Any CPU
		{94A4843F-2FCA-48D9-84EF-4250D51DB2EF}.Release|Any CPU.ActiveCfg = Release|Any CPU
		{94A4843F-2FCA-48D9-84EF-4250D51DB2EF}.Release|Any CPU.Build.0 = Release|Any CPU
		{EFFAFE17-5D62-4B78-AC53-04CBCBB6A369}.Debug|Any CPU.ActiveCfg = Debug|Any CPU
		{EFFAFE17-5D62-4B78-AC53-04CBCBB6A369}.Debug|Any CPU.Build.0 = Debug|Any CPU
		{EFFAFE17-5D62-4B78-AC53-04CBCBB6A369}.Release|Any CPU.ActiveCfg = Release|Any CPU
		{EFFAFE17-5D62-4B78-AC53-04CBCBB6A369}.Release|Any CPU.Build.0 = Release|Any CPU
	EndGlobalSection
	GlobalSection(SolutionProperties) = preSolution
		HideSolutionNode = FALSE
	EndGlobalSection
EndGlobal
