
Microsoft Visual Studio Solution File, Format Version 11.00
# Visual Studio 2010
Project("{2150E333-8FDC-42A3-9474-1A3956D46DE8}") = ".nuget", ".nuget", "{8D7678EC-4708-4F2F-9127-732573487540}"
	ProjectSection(SolutionItems) = preProject
		Cavity Service Location.bundle = Cavity Service Location.bundle
		.nuget\Cavity Service Location.nuspec = .nuget\Cavity Service Location.nuspec
		.nuget\NuGet.exe = .nuget\NuGet.exe
		.nuget\NuGet.targets = .nuget\NuGet.targets
	EndProjectSection
EndProject
Project("{FAE04EC0-301F-11D3-BF4B-00C04F79EFBC}") = "ServiceLocation", "Class Libraries\ServiceLocation\ServiceLocation.csproj", "{6FE7A292-4EF7-4DA1-95AF-6F03822042E7}"
EndProject
Project("{FAE04EC0-301F-11D3-BF4B-00C04F79EFBC}") = "ServiceLocation.Facts", "Class Libraries\ServiceLocation.Facts\ServiceLocation.Facts.csproj", "{9E656B3A-FF1E-4CA4-8E6B-4BD7ADF1809F}"
EndProject
Global
	GlobalSection(SolutionConfigurationPlatforms) = preSolution
		Debug|Any CPU = Debug|Any CPU
		Release|Any CPU = Release|Any CPU
	EndGlobalSection
	GlobalSection(ProjectConfigurationPlatforms) = postSolution
		{6FE7A292-4EF7-4DA1-95AF-6F03822042E7}.Debug|Any CPU.ActiveCfg = Debug|Any CPU
		{6FE7A292-4EF7-4DA1-95AF-6F03822042E7}.Debug|Any CPU.Build.0 = Debug|Any CPU
		{6FE7A292-4EF7-4DA1-95AF-6F03822042E7}.Release|Any CPU.ActiveCfg = Release|Any CPU
		{6FE7A292-4EF7-4DA1-95AF-6F03822042E7}.Release|Any CPU.Build.0 = Release|Any CPU
		{9E656B3A-FF1E-4CA4-8E6B-4BD7ADF1809F}.Debug|Any CPU.ActiveCfg = Debug|Any CPU
		{9E656B3A-FF1E-4CA4-8E6B-4BD7ADF1809F}.Debug|Any CPU.Build.0 = Debug|Any CPU
		{9E656B3A-FF1E-4CA4-8E6B-4BD7ADF1809F}.Release|Any CPU.ActiveCfg = Release|Any CPU
		{9E656B3A-FF1E-4CA4-8E6B-4BD7ADF1809F}.Release|Any CPU.Build.0 = Release|Any CPU
	EndGlobalSection
	GlobalSection(SolutionProperties) = preSolution
		HideSolutionNode = FALSE
	EndGlobalSection
EndGlobal
