
Microsoft Visual Studio Solution File, Format Version 11.00
# Visual Studio 2010
Project("{FAE04EC0-301F-11D3-BF4B-00C04F79EFBC}") = "TaskManagement", "Class Libraries\TaskManagement\TaskManagement.csproj", "{7D95675C-9277-4AA6-9A78-2F5522D78207}"
EndProject
Project("{FAE04EC0-301F-11D3-BF4B-00C04F79EFBC}") = "TaskManagement.Facts", "Class Libraries\TaskManagement.Facts\TaskManagement.Facts.csproj", "{08C8B40A-9858-424F-8468-9DFE1082EA79}"
EndProject
Global
	GlobalSection(SolutionConfigurationPlatforms) = preSolution
		Debug|Any CPU = Debug|Any CPU
		Release|Any CPU = Release|Any CPU
		Debug|x64 = Debug|x64
		Release|x64 = Release|x64
		Debug|x86 = Debug|x86
		Release|x86 = Release|x86
	EndGlobalSection
	GlobalSection(ProjectConfigurationPlatforms) = postSolution
		{7D95675C-9277-4AA6-9A78-2F5522D78207}.Debug|Any CPU.ActiveCfg = Debug|Any CPU
		{7D95675C-9277-4AA6-9A78-2F5522D78207}.Debug|Any CPU.Build.0 = Debug|Any CPU
		{7D95675C-9277-4AA6-9A78-2F5522D78207}.Release|Any CPU.ActiveCfg = Release|Any CPU
		{7D95675C-9277-4AA6-9A78-2F5522D78207}.Release|Any CPU.Build.0 = Release|Any CPU
		{7D95675C-9277-4AA6-9A78-2F5522D78207}.Debug|x64.ActiveCfg = Debug|x64
		{7D95675C-9277-4AA6-9A78-2F5522D78207}.Debug|x64.Build.0 = Debug|x64
		{7D95675C-9277-4AA6-9A78-2F5522D78207}.Release|x64.ActiveCfg = Release|x64
		{7D95675C-9277-4AA6-9A78-2F5522D78207}.Release|x64.Build.0 = Release|x64
		{7D95675C-9277-4AA6-9A78-2F5522D78207}.Debug|x86.ActiveCfg = Debug|x86
		{7D95675C-9277-4AA6-9A78-2F5522D78207}.Debug|x86.Build.0 = Debug|x86
		{7D95675C-9277-4AA6-9A78-2F5522D78207}.Release|x86.ActiveCfg = Release|x86
		{7D95675C-9277-4AA6-9A78-2F5522D78207}.Release|x86.Build.0 = Release|x86
		{08C8B40A-9858-424F-8468-9DFE1082EA79}.Debug|Any CPU.ActiveCfg = Debug|Any CPU
		{08C8B40A-9858-424F-8468-9DFE1082EA79}.Debug|Any CPU.Build.0 = Debug|Any CPU
		{08C8B40A-9858-424F-8468-9DFE1082EA79}.Release|Any CPU.ActiveCfg = Release|Any CPU
		{08C8B40A-9858-424F-8468-9DFE1082EA79}.Release|Any CPU.Build.0 = Release|Any CPU
		{08C8B40A-9858-424F-8468-9DFE1082EA79}.Debug|x64.ActiveCfg = Debug|x64
		{08C8B40A-9858-424F-8468-9DFE1082EA79}.Debug|x64.Build.0 = Debug|x64
		{08C8B40A-9858-424F-8468-9DFE1082EA79}.Release|x64.ActiveCfg = Release|x64
		{08C8B40A-9858-424F-8468-9DFE1082EA79}.Release|x64.Build.0 = Release|x64
		{08C8B40A-9858-424F-8468-9DFE1082EA79}.Debug|x86.ActiveCfg = Debug|x86
		{08C8B40A-9858-424F-8468-9DFE1082EA79}.Debug|x86.Build.0 = Debug|x86
		{08C8B40A-9858-424F-8468-9DFE1082EA79}.Release|x86.ActiveCfg = Release|x86
		{08C8B40A-9858-424F-8468-9DFE1082EA79}.Release|x86.Build.0 = Release|x86
	EndGlobalSection
	GlobalSection(SolutionProperties) = preSolution
		HideSolutionNode = FALSE
	EndGlobalSection
EndGlobal
