
Microsoft Visual Studio Solution File, Format Version 11.00
# Visual Studio 2010
Project("{FAE04EC0-301F-11D3-BF4B-00C04F79EFBC}") = "Http.Generalizations", "Class Libraries\Http.Generalizations\Http.Generalizations.csproj", "{3C12CE19-B51C-4959-B581-756E59A98F78}"
EndProject
Project("{FAE04EC0-301F-11D3-BF4B-00C04F79EFBC}") = "Http.Generalizations.Facts", "Class Libraries\Http.Generalizations.Facts\Http.Generalizations.Facts.csproj", "{DCF32955-EA10-4573-8C51-DE59B547E087}"
EndProject
Global
	GlobalSection(SolutionConfigurationPlatforms) = preSolution
		Debug|Any CPU = Debug|Any CPU
		Release|Any CPU = Release|Any CPU
	EndGlobalSection
	GlobalSection(ProjectConfigurationPlatforms) = postSolution
		{3C12CE19-B51C-4959-B581-756E59A98F78}.Debug|Any CPU.ActiveCfg = Debug|Any CPU
		{3C12CE19-B51C-4959-B581-756E59A98F78}.Debug|Any CPU.Build.0 = Debug|Any CPU
		{3C12CE19-B51C-4959-B581-756E59A98F78}.Release|Any CPU.ActiveCfg = Release|Any CPU
		{3C12CE19-B51C-4959-B581-756E59A98F78}.Release|Any CPU.Build.0 = Release|Any CPU
		{DCF32955-EA10-4573-8C51-DE59B547E087}.Debug|Any CPU.ActiveCfg = Debug|Any CPU
		{DCF32955-EA10-4573-8C51-DE59B547E087}.Debug|Any CPU.Build.0 = Debug|Any CPU
		{DCF32955-EA10-4573-8C51-DE59B547E087}.Release|Any CPU.ActiveCfg = Release|Any CPU
		{DCF32955-EA10-4573-8C51-DE59B547E087}.Release|Any CPU.Build.0 = Release|Any CPU
	EndGlobalSection
	GlobalSection(SolutionProperties) = preSolution
		HideSolutionNode = FALSE
	EndGlobalSection
EndGlobal
