
Microsoft Visual Studio Solution File, Format Version 11.00
# Visual Studio 2010
Project("{FAE04EC0-301F-11D3-BF4B-00C04F79EFBC}") = "MSBuild.Compliance", "Class Libraries\MSBuild.Compliance\MSBuild.Compliance.csproj", "{0FF43960-7762-46A3-BA82-DBA2161DBAC9}"
EndProject
Project("{FAE04EC0-301F-11D3-BF4B-00C04F79EFBC}") = "MSBuild.Compliance.Facts", "Class Libraries\MSBuild.Compliance.Facts\MSBuild.Compliance.Facts.csproj", "{14BB7A5D-3FED-49A7-9BE1-B4F6BF8BF557}"
EndProject
Global
	GlobalSection(SolutionConfigurationPlatforms) = preSolution
		Debug|Any CPU = Debug|Any CPU
		Release|Any CPU = Release|Any CPU
		Debug|x64 = Debug|x64
		Release|x64 = Release|x64
		Debug|x86 = Debug|x86
		Release|x86 = Release|x86
	EndGlobalSection
	GlobalSection(ProjectConfigurationPlatforms) = postSolution
		{0FF43960-7762-46A3-BA82-DBA2161DBAC9}.Debug|Any CPU.ActiveCfg = Debug|Any CPU
		{0FF43960-7762-46A3-BA82-DBA2161DBAC9}.Debug|Any CPU.Build.0 = Debug|Any CPU
		{0FF43960-7762-46A3-BA82-DBA2161DBAC9}.Release|Any CPU.ActiveCfg = Release|Any CPU
		{0FF43960-7762-46A3-BA82-DBA2161DBAC9}.Release|Any CPU.Build.0 = Release|Any CPU
		{0FF43960-7762-46A3-BA82-DBA2161DBAC9}.Debug|x64.ActiveCfg = Debug|x64
		{0FF43960-7762-46A3-BA82-DBA2161DBAC9}.Debug|x64.Build.0 = Debug|x64
		{0FF43960-7762-46A3-BA82-DBA2161DBAC9}.Release|x64.ActiveCfg = Release|x64
		{0FF43960-7762-46A3-BA82-DBA2161DBAC9}.Release|x64.Build.0 = Release|x64
		{0FF43960-7762-46A3-BA82-DBA2161DBAC9}.Debug|x86.ActiveCfg = Debug|x86
		{0FF43960-7762-46A3-BA82-DBA2161DBAC9}.Debug|x86.Build.0 = Debug|x86
		{0FF43960-7762-46A3-BA82-DBA2161DBAC9}.Release|x86.ActiveCfg = Release|x86
		{0FF43960-7762-46A3-BA82-DBA2161DBAC9}.Release|x86.Build.0 = Release|x86
		{14BB7A5D-3FED-49A7-9BE1-B4F6BF8BF557}.Debug|Any CPU.ActiveCfg = Debug|Any CPU
		{14BB7A5D-3FED-49A7-9BE1-B4F6BF8BF557}.Debug|Any CPU.Build.0 = Debug|Any CPU
		{14BB7A5D-3FED-49A7-9BE1-B4F6BF8BF557}.Release|Any CPU.ActiveCfg = Release|Any CPU
		{14BB7A5D-3FED-49A7-9BE1-B4F6BF8BF557}.Release|Any CPU.Build.0 = Release|Any CPU
		{14BB7A5D-3FED-49A7-9BE1-B4F6BF8BF557}.Debug|x64.ActiveCfg = Debug|x64
		{14BB7A5D-3FED-49A7-9BE1-B4F6BF8BF557}.Debug|x64.Build.0 = Debug|x64
		{14BB7A5D-3FED-49A7-9BE1-B4F6BF8BF557}.Release|x64.ActiveCfg = Release|x64
		{14BB7A5D-3FED-49A7-9BE1-B4F6BF8BF557}.Release|x64.Build.0 = Release|x64
		{14BB7A5D-3FED-49A7-9BE1-B4F6BF8BF557}.Debug|x86.ActiveCfg = Debug|x86
		{14BB7A5D-3FED-49A7-9BE1-B4F6BF8BF557}.Debug|x86.Build.0 = Debug|x86
		{14BB7A5D-3FED-49A7-9BE1-B4F6BF8BF557}.Release|x86.ActiveCfg = Release|x86
		{14BB7A5D-3FED-49A7-9BE1-B4F6BF8BF557}.Release|x86.Build.0 = Release|x86
	EndGlobalSection
	GlobalSection(SolutionProperties) = preSolution
		HideSolutionNode = FALSE
	EndGlobalSection
EndGlobal
