
Microsoft Visual Studio Solution File, Format Version 11.00
# Visual Studio 2010
Project("{8BC9CEB8-8B4A-11D0-8D11-00A0C91BC942}") = "TaskManagement.EventLog.Messages", "Static Libraries\TaskManagement.EventLog.Messages\TaskManagement.EventLog.Messages.vcxproj", "{0E9035BE-3C3D-4E7B-B955-EE9BC0C76A64}"
EndProject
Project("{FAE04EC0-301F-11D3-BF4B-00C04F79EFBC}") = "TaskManagement.Service", "Windows Services\TaskManagement.Service\TaskManagement.Service.csproj", "{6E1FEB48-28DE-49E6-83BD-08D272F8C43E}"
EndProject
Project("{930C7802-8A8C-48F9-8165-68863BCCD9DD}") = "TaskManagement.Setup", "Installation\TaskManagement.Setup\TaskManagement.Setup.wixproj", "{457910BD-90A1-420D-927A-A22091CCB8AD}"
	ProjectSection(ProjectDependencies) = postProject
		{6E1FEB48-28DE-49E6-83BD-08D272F8C43E} = {6E1FEB48-28DE-49E6-83BD-08D272F8C43E}
		{0E9035BE-3C3D-4E7B-B955-EE9BC0C76A64} = {0E9035BE-3C3D-4E7B-B955-EE9BC0C76A64}
	EndProjectSection
EndProject
Project("{2150E333-8FDC-42A3-9474-1A3956D46DE8}") = ".nuget", ".nuget", "{5528924F-943A-4C67-81D2-767E555EF9FB}"
	ProjectSection(SolutionItems) = preProject
		.nuget\NuGet.exe = .nuget\NuGet.exe
		.nuget\NuGet.targets = .nuget\NuGet.targets
	EndProjectSection
EndProject
Global
	GlobalSection(SolutionConfigurationPlatforms) = preSolution
		Debug|x64 = Debug|x64
		Debug|x86 = Debug|x86
		Release|x64 = Release|x64
		Release|x86 = Release|x86
	EndGlobalSection
	GlobalSection(ProjectConfigurationPlatforms) = postSolution
		{0E9035BE-3C3D-4E7B-B955-EE9BC0C76A64}.Debug|x64.ActiveCfg = Debug|Win32
		{0E9035BE-3C3D-4E7B-B955-EE9BC0C76A64}.Debug|x64.Build.0 = Debug|Win32
		{0E9035BE-3C3D-4E7B-B955-EE9BC0C76A64}.Debug|x86.ActiveCfg = Debug|Win32
		{0E9035BE-3C3D-4E7B-B955-EE9BC0C76A64}.Debug|x86.Build.0 = Debug|Win32
		{0E9035BE-3C3D-4E7B-B955-EE9BC0C76A64}.Release|x64.ActiveCfg = Release|Win32
		{0E9035BE-3C3D-4E7B-B955-EE9BC0C76A64}.Release|x64.Build.0 = Release|Win32
		{0E9035BE-3C3D-4E7B-B955-EE9BC0C76A64}.Release|x86.ActiveCfg = Release|Win32
		{0E9035BE-3C3D-4E7B-B955-EE9BC0C76A64}.Release|x86.Build.0 = Release|Win32
		{6E1FEB48-28DE-49E6-83BD-08D272F8C43E}.Debug|x64.ActiveCfg = Debug|x64
		{6E1FEB48-28DE-49E6-83BD-08D272F8C43E}.Debug|x64.Build.0 = Debug|x64
		{6E1FEB48-28DE-49E6-83BD-08D272F8C43E}.Debug|x86.ActiveCfg = Debug|x86
		{6E1FEB48-28DE-49E6-83BD-08D272F8C43E}.Debug|x86.Build.0 = Debug|x86
		{6E1FEB48-28DE-49E6-83BD-08D272F8C43E}.Release|x64.ActiveCfg = Release|x64
		{6E1FEB48-28DE-49E6-83BD-08D272F8C43E}.Release|x64.Build.0 = Release|x64
		{6E1FEB48-28DE-49E6-83BD-08D272F8C43E}.Release|x86.ActiveCfg = Release|x86
		{6E1FEB48-28DE-49E6-83BD-08D272F8C43E}.Release|x86.Build.0 = Release|x86
		{457910BD-90A1-420D-927A-A22091CCB8AD}.Debug|x64.ActiveCfg = Debug|x64
		{457910BD-90A1-420D-927A-A22091CCB8AD}.Debug|x64.Build.0 = Debug|x64
		{457910BD-90A1-420D-927A-A22091CCB8AD}.Debug|x86.ActiveCfg = Debug|x86
		{457910BD-90A1-420D-927A-A22091CCB8AD}.Debug|x86.Build.0 = Debug|x86
		{457910BD-90A1-420D-927A-A22091CCB8AD}.Release|x64.ActiveCfg = Release|x64
		{457910BD-90A1-420D-927A-A22091CCB8AD}.Release|x64.Build.0 = Release|x64
		{457910BD-90A1-420D-927A-A22091CCB8AD}.Release|x86.ActiveCfg = Release|x86
		{457910BD-90A1-420D-927A-A22091CCB8AD}.Release|x86.Build.0 = Release|x86		
	EndGlobalSection
	GlobalSection(SolutionProperties) = preSolution
		HideSolutionNode = FALSE
	EndGlobalSection
EndGlobal
