
Microsoft Visual Studio Solution File, Format Version 11.00
# Visual Studio 2010
Project("{FAE04EC0-301F-11D3-BF4B-00C04F79EFBC}") = "TaskManagement.Service", "Windows Services\TaskManagement.Service\TaskManagement.Service.csproj", "{6E1FEB48-28DE-49E6-83BD-08D272F8C43E}"
EndProject
Project("{930C7802-8A8C-48F9-8165-68863BCCD9DD}") = "TaskManagement.Setup", "Installation\TaskManagement.Setup\TaskManagement.Setup.wixproj", "{457910BD-90A1-420D-927A-A22091CCB8AD}"
	ProjectSection(ProjectDependencies) = postProject
		{6E1FEB48-28DE-49E6-83BD-08D272F8C43E} = {6E1FEB48-28DE-49E6-83BD-08D272F8C43E}
	EndProjectSection
EndProject
Global
	GlobalSection(SolutionConfigurationPlatforms) = preSolution
		Debug|Mixed Platforms = Debug|Mixed Platforms
		Debug|Win32 = Debug|Win32
		Debug|x86 = Debug|x86
		Release|Mixed Platforms = Release|Mixed Platforms
		Release|Win32 = Release|Win32
		Release|x86 = Release|x86
	EndGlobalSection
	GlobalSection(ProjectConfigurationPlatforms) = postSolution
		{6E1FEB48-28DE-49E6-83BD-08D272F8C43E}.Debug|Mixed Platforms.ActiveCfg = Debug|x86
		{6E1FEB48-28DE-49E6-83BD-08D272F8C43E}.Debug|Mixed Platforms.Build.0 = Debug|x86
		{6E1FEB48-28DE-49E6-83BD-08D272F8C43E}.Debug|Win32.ActiveCfg = Debug|x64
		{6E1FEB48-28DE-49E6-83BD-08D272F8C43E}.Debug|x86.ActiveCfg = Debug|x86
		{6E1FEB48-28DE-49E6-83BD-08D272F8C43E}.Debug|x86.Build.0 = Debug|x86
		{6E1FEB48-28DE-49E6-83BD-08D272F8C43E}.Release|Mixed Platforms.ActiveCfg = Release|x86
		{6E1FEB48-28DE-49E6-83BD-08D272F8C43E}.Release|Mixed Platforms.Build.0 = Release|x86
		{6E1FEB48-28DE-49E6-83BD-08D272F8C43E}.Release|Win32.ActiveCfg = Release|x64
		{6E1FEB48-28DE-49E6-83BD-08D272F8C43E}.Release|x86.ActiveCfg = Release|x86
		{6E1FEB48-28DE-49E6-83BD-08D272F8C43E}.Release|x86.Build.0 = Release|x86
		{457910BD-90A1-420D-927A-A22091CCB8AD}.Debug|Mixed Platforms.ActiveCfg = Debug|x86
		{457910BD-90A1-420D-927A-A22091CCB8AD}.Debug|Mixed Platforms.Build.0 = Debug|x86
		{457910BD-90A1-420D-927A-A22091CCB8AD}.Debug|Win32.ActiveCfg = Debug|x86
		{457910BD-90A1-420D-927A-A22091CCB8AD}.Debug|x86.ActiveCfg = Debug|x86
		{457910BD-90A1-420D-927A-A22091CCB8AD}.Debug|x86.Build.0 = Debug|x86
		{457910BD-90A1-420D-927A-A22091CCB8AD}.Release|Mixed Platforms.ActiveCfg = Release|x86
		{457910BD-90A1-420D-927A-A22091CCB8AD}.Release|Mixed Platforms.Build.0 = Release|x86
		{457910BD-90A1-420D-927A-A22091CCB8AD}.Release|Win32.ActiveCfg = Release|x86
		{457910BD-90A1-420D-927A-A22091CCB8AD}.Release|x86.ActiveCfg = Release|x86
		{457910BD-90A1-420D-927A-A22091CCB8AD}.Release|x86.Build.0 = Release|x86
	EndGlobalSection
	GlobalSection(SolutionProperties) = preSolution
		HideSolutionNode = FALSE
	EndGlobalSection
EndGlobal
