
Microsoft Visual Studio Solution File, Format Version 11.00
# Visual Studio 2010
Project("{FAE04EC0-301F-11D3-BF4B-00C04F79EFBC}") = "Data.Ace", "Class Libraries\Data.Ace\Data.Ace.csproj", "{94A4843F-2FCA-48D9-84EF-4250D51DB2EF}"
EndProject
Project("{FAE04EC0-301F-11D3-BF4B-00C04F79EFBC}") = "Data.Ace.Facts", "Class Libraries\Data.Ace.Facts\Data.Ace.Facts.csproj", "{EFFAFE17-5D62-4B78-AC53-04CBCBB6A369}"
EndProject
Project("{2150E333-8FDC-42A3-9474-1A3956D46DE8}") = ".nuget", ".nuget", "{C2E8314A-751C-4877-9275-9D861C8E7401}"
	ProjectSection(SolutionItems) = preProject
		Cavity Data (ACE).bundle = Cavity Data (ACE).bundle
		.nuget\Cavity Data (ACE).nuspec = .nuget\Cavity Data (ACE).nuspec
		.nuget\NuGet.exe = .nuget\NuGet.exe
		.nuget\NuGet.targets = .nuget\NuGet.targets
	EndProjectSection
EndProject
Global
	GlobalSection(SolutionConfigurationPlatforms) = preSolution
		Debug|Any CPU = Debug|Any CPU
		Release|Any CPU = Release|Any CPU
	EndGlobalSection
	GlobalSection(ProjectConfigurationPlatforms) = postSolution
		{94A4843F-2FCA-48D9-84EF-4250D51DB2EF}.Debug|Any CPU.ActiveCfg = Debug|Any CPU
		{94A4843F-2FCA-48D9-84EF-4250D51DB2EF}.Debug|Any CPU.Build.0 = Debug|Any CPU
		{94A4843F-2FCA-48D9-84EF-4250D51DB2EF}.Release|Any CPU.ActiveCfg = Release|Any CPU
		{94A4843F-2FCA-48D9-84EF-4250D51DB2EF}.Release|Any CPU.Build.0 = Release|Any CPU
		{EFFAFE17-5D62-4B78-AC53-04CBCBB6A369}.Debug|Any CPU.ActiveCfg = Debug|Any CPU
		{EFFAFE17-5D62-4B78-AC53-04CBCBB6A369}.Debug|Any CPU.Build.0 = Debug|Any CPU
		{EFFAFE17-5D62-4B78-AC53-04CBCBB6A369}.Release|Any CPU.ActiveCfg = Release|Any CPU
		{EFFAFE17-5D62-4B78-AC53-04CBCBB6A369}.Release|Any CPU.Build.0 = Release|Any CPU
	EndGlobalSection
	GlobalSection(SolutionProperties) = preSolution
		HideSolutionNode = FALSE
	EndGlobalSection
EndGlobal
