
Microsoft Visual Studio Solution File, Format Version 11.00
# Visual Studio 2010
Project("{FAE04EC0-301F-11D3-BF4B-00C04F79EFBC}") = "Http.Testing", "Class Libraries\Http.Testing\Http.Testing.csproj", "{C1B76C56-2E8D-4F9E-8EEA-FFB9E6A92715}"
EndProject
Project("{FAE04EC0-301F-11D3-BF4B-00C04F79EFBC}") = "Http.Testing.Facts", "Class Libraries\Http.Testing.Facts\Http.Testing.Facts.csproj", "{224F5934-9295-41A5-BA7B-F0589C63CD3A}"
EndProject
Project("{2150E333-8FDC-42A3-9474-1A3956D46DE8}") = ".nuget", ".nuget", "{3856477B-FA64-41F9-9066-B4AE9CBF078E}"
	ProjectSection(SolutionItems) = preProject
		Cavity HTTP Testing.bundle = Cavity HTTP Testing.bundle
		.nuget\Cavity HTTP Testing.nuspec = .nuget\Cavity HTTP Testing.nuspec
		.nuget\NuGet.exe = .nuget\NuGet.exe
		.nuget\NuGet.targets = .nuget\NuGet.targets
	EndProjectSection
EndProject
Global
	GlobalSection(SolutionConfigurationPlatforms) = preSolution
		Debug|Any CPU = Debug|Any CPU
		Release|Any CPU = Release|Any CPU
	EndGlobalSection
	GlobalSection(ProjectConfigurationPlatforms) = postSolution
		{C1B76C56-2E8D-4F9E-8EEA-FFB9E6A92715}.Debug|Any CPU.ActiveCfg = Debug|Any CPU
		{C1B76C56-2E8D-4F9E-8EEA-FFB9E6A92715}.Debug|Any CPU.Build.0 = Debug|Any CPU
		{C1B76C56-2E8D-4F9E-8EEA-FFB9E6A92715}.Release|Any CPU.ActiveCfg = Release|Any CPU
		{C1B76C56-2E8D-4F9E-8EEA-FFB9E6A92715}.Release|Any CPU.Build.0 = Release|Any CPU
		{224F5934-9295-41A5-BA7B-F0589C63CD3A}.Debug|Any CPU.ActiveCfg = Debug|Any CPU
		{224F5934-9295-41A5-BA7B-F0589C63CD3A}.Debug|Any CPU.Build.0 = Debug|Any CPU
		{224F5934-9295-41A5-BA7B-F0589C63CD3A}.Release|Any CPU.ActiveCfg = Release|Any CPU
		{224F5934-9295-41A5-BA7B-F0589C63CD3A}.Release|Any CPU.Build.0 = Release|Any CPU
	EndGlobalSection
	GlobalSection(SolutionProperties) = preSolution
		HideSolutionNode = FALSE
	EndGlobalSection
EndGlobal
