
Microsoft Visual Studio Solution File, Format Version 11.00
# Visual Studio 2010
Project("{FAE04EC0-301F-11D3-BF4B-00C04F79EFBC}") = "ServiceLocation.Unity", "Class Libraries\ServiceLocation.Unity\ServiceLocation.Unity.csproj", "{4E862695-27DA-49EB-B567-586767F731BA}"
EndProject
Project("{FAE04EC0-301F-11D3-BF4B-00C04F79EFBC}") = "ServiceLocation.Unity.Facts", "Class Libraries\ServiceLocation.Unity.Facts\ServiceLocation.Unity.Facts.csproj", "{F5C5643E-5457-4996-B0FB-7ADA360107B5}"
EndProject
Global
	GlobalSection(SolutionConfigurationPlatforms) = preSolution
		Debug|Any CPU = Debug|Any CPU
		Release|Any CPU = Release|Any CPU
	EndGlobalSection
	GlobalSection(ProjectConfigurationPlatforms) = postSolution
		{4E862695-27DA-49EB-B567-586767F731BA}.Debug|Any CPU.ActiveCfg = Debug|Any CPU
		{4E862695-27DA-49EB-B567-586767F731BA}.Debug|Any CPU.Build.0 = Debug|Any CPU
		{4E862695-27DA-49EB-B567-586767F731BA}.Release|Any CPU.ActiveCfg = Release|Any CPU
		{4E862695-27DA-49EB-B567-586767F731BA}.Release|Any CPU.Build.0 = Release|Any CPU
		{F5C5643E-5457-4996-B0FB-7ADA360107B5}.Debug|Any CPU.ActiveCfg = Debug|Any CPU
		{F5C5643E-5457-4996-B0FB-7ADA360107B5}.Debug|Any CPU.Build.0 = Debug|Any CPU
		{F5C5643E-5457-4996-B0FB-7ADA360107B5}.Release|Any CPU.ActiveCfg = Release|Any CPU
		{F5C5643E-5457-4996-B0FB-7ADA360107B5}.Release|Any CPU.Build.0 = Release|Any CPU
	EndGlobalSection
	GlobalSection(SolutionProperties) = preSolution
		HideSolutionNode = FALSE
	EndGlobalSection
EndGlobal
