
Microsoft Visual Studio Solution File, Format Version 11.00
# Visual Studio 2010
Project("{2150E333-8FDC-42A3-9474-1A3956D46DE8}") = "Class Libraries", "Class Libraries", "{03047733-5F47-4D22-96BA-F46B102B1363}"
EndProject
Project("{FAE04EC0-301F-11D3-BF4B-00C04F79EFBC}") = "Data.Html.Xunit", "Class Libraries\Data.Html.Xunit\Data.Html.Xunit.csproj", "{DFC8B0D7-BE08-4904-8C9F-3EA8C15B83BA}"
EndProject
Project("{FAE04EC0-301F-11D3-BF4B-00C04F79EFBC}") = "Data.Html.Xunit.Facts", "Class Libraries\Data.Html.Xunit.Facts\Data.Html.Xunit.Facts.csproj", "{A85A7CA9-6948-4CB6-8FA1-329AF175FEAA}"
EndProject
Project("{2150E333-8FDC-42A3-9474-1A3956D46DE8}") = ".nuget", ".nuget", "{5C83970D-995A-4669-82E4-CF0268D594A9}"
	ProjectSection(SolutionItems) = preProject
		.nuget\Cavity Data (HTML) xUnit Extensions.nuspec = .nuget\Cavity Data (HTML) xUnit Extensions.nuspec
		Cavity Data (HTML).bundle = Cavity Data (HTML).bundle
		.nuget\NuGet.exe = .nuget\NuGet.exe
		.nuget\NuGet.targets = .nuget\NuGet.targets
	EndProjectSection
EndProject
Global
	GlobalSection(SolutionConfigurationPlatforms) = preSolution
		Debug|Any CPU = Debug|Any CPU
		Release|Any CPU = Release|Any CPU
	EndGlobalSection
	GlobalSection(ProjectConfigurationPlatforms) = postSolution
		{DFC8B0D7-BE08-4904-8C9F-3EA8C15B83BA}.Debug|Any CPU.ActiveCfg = Debug|Any CPU
		{DFC8B0D7-BE08-4904-8C9F-3EA8C15B83BA}.Debug|Any CPU.Build.0 = Debug|Any CPU
		{DFC8B0D7-BE08-4904-8C9F-3EA8C15B83BA}.Release|Any CPU.ActiveCfg = Release|Any CPU
		{DFC8B0D7-BE08-4904-8C9F-3EA8C15B83BA}.Release|Any CPU.Build.0 = Release|Any CPU
		{A85A7CA9-6948-4CB6-8FA1-329AF175FEAA}.Debug|Any CPU.ActiveCfg = Debug|Any CPU
		{A85A7CA9-6948-4CB6-8FA1-329AF175FEAA}.Debug|Any CPU.Build.0 = Debug|Any CPU
		{A85A7CA9-6948-4CB6-8FA1-329AF175FEAA}.Release|Any CPU.ActiveCfg = Release|Any CPU
		{A85A7CA9-6948-4CB6-8FA1-329AF175FEAA}.Release|Any CPU.Build.0 = Release|Any CPU
	EndGlobalSection
	GlobalSection(SolutionProperties) = preSolution
		HideSolutionNode = FALSE
	EndGlobalSection
	GlobalSection(NestedProjects) = preSolution
		{DFC8B0D7-BE08-4904-8C9F-3EA8C15B83BA} = {03047733-5F47-4D22-96BA-F46B102B1363}
		{A85A7CA9-6948-4CB6-8FA1-329AF175FEAA} = {03047733-5F47-4D22-96BA-F46B102B1363}
	EndGlobalSection
EndGlobal
