
Microsoft Visual Studio Solution File, Format Version 11.00
# Visual Studio 2010
Project("{FAE04EC0-301F-11D3-BF4B-00C04F79EFBC}") = "Repository.FileSystem.Xml", "Class Libraries\Repository.FileSystem.Xml\Repository.FileSystem.Xml.csproj", "{087F141B-93D3-4D0F-873E-A176DC98C161}"
EndProject
Project("{FAE04EC0-301F-11D3-BF4B-00C04F79EFBC}") = "Repository.FileSystem.Xml.Facts", "Class Libraries\Repository.FileSystem.Xml.Facts\Repository.FileSystem.Xml.Facts.csproj", "{BB566F81-567B-45D8-839E-D1DB3F815A04}"
EndProject
Project("{2150E333-8FDC-42A3-9474-1A3956D46DE8}") = ".nuget", ".nuget", "{C7849F59-4534-43A5-AA68-B2E8A2ED6252}"
	ProjectSection(SolutionItems) = preProject
		Cavity Repository (XML File System).bundle = Cavity Repository (XML File System).bundle
		.nuget\Cavity Repository (XML File System).nuspec = .nuget\Cavity Repository (XML File System).nuspec
		.nuget\NuGet.exe = .nuget\NuGet.exe
		.nuget\NuGet.targets = .nuget\NuGet.targets
	EndProjectSection
EndProject
Global
	GlobalSection(SolutionConfigurationPlatforms) = preSolution
		Debug|Any CPU = Debug|Any CPU
		Release|Any CPU = Release|Any CPU
	EndGlobalSection
	GlobalSection(ProjectConfigurationPlatforms) = postSolution
		{087F141B-93D3-4D0F-873E-A176DC98C161}.Debug|Any CPU.ActiveCfg = Debug|Any CPU
		{087F141B-93D3-4D0F-873E-A176DC98C161}.Debug|Any CPU.Build.0 = Debug|Any CPU
		{087F141B-93D3-4D0F-873E-A176DC98C161}.Release|Any CPU.ActiveCfg = Release|Any CPU
		{087F141B-93D3-4D0F-873E-A176DC98C161}.Release|Any CPU.Build.0 = Release|Any CPU
		{BB566F81-567B-45D8-839E-D1DB3F815A04}.Debug|Any CPU.ActiveCfg = Debug|Any CPU
		{BB566F81-567B-45D8-839E-D1DB3F815A04}.Debug|Any CPU.Build.0 = Debug|Any CPU
		{BB566F81-567B-45D8-839E-D1DB3F815A04}.Release|Any CPU.ActiveCfg = Release|Any CPU
		{BB566F81-567B-45D8-839E-D1DB3F815A04}.Release|Any CPU.Build.0 = Release|Any CPU
	EndGlobalSection
	GlobalSection(SolutionProperties) = preSolution
		HideSolutionNode = FALSE
	EndGlobalSection
EndGlobal
