
Microsoft Visual Studio Solution File, Format Version 11.00
# Visual Studio 2010
Project("{FAE04EC0-301F-11D3-BF4B-00C04F79EFBC}") = "ServiceLocation.StructureMap", "Class Libraries\ServiceLocation.StructureMap\ServiceLocation.StructureMap.csproj", "{229D1074-FFB5-46FA-A6E3-75007D98C19A}"
EndProject
Project("{FAE04EC0-301F-11D3-BF4B-00C04F79EFBC}") = "ServiceLocation.StructureMap.Facts", "Class Libraries\ServiceLocation.StructureMap.Facts\ServiceLocation.StructureMap.Facts.csproj", "{095E71A3-34EE-4741-8C04-5E6D96E43B2F}"
EndProject
Global
	GlobalSection(SolutionConfigurationPlatforms) = preSolution
		Debug|Any CPU = Debug|Any CPU
		Release|Any CPU = Release|Any CPU
		Debug|x64 = Debug|x64
		Release|x64 = Release|x64
		Debug|x86 = Debug|x86
		Release|x86 = Release|x86
	EndGlobalSection
	GlobalSection(ProjectConfigurationPlatforms) = postSolution
		{229D1074-FFB5-46FA-A6E3-75007D98C19A}.Debug|Any CPU.ActiveCfg = Debug|Any CPU
		{229D1074-FFB5-46FA-A6E3-75007D98C19A}.Debug|Any CPU.Build.0 = Debug|Any CPU
		{229D1074-FFB5-46FA-A6E3-75007D98C19A}.Release|Any CPU.ActiveCfg = Release|Any CPU
		{229D1074-FFB5-46FA-A6E3-75007D98C19A}.Release|Any CPU.Build.0 = Release|Any CPU
		{229D1074-FFB5-46FA-A6E3-75007D98C19A}.Debug|x64.ActiveCfg = Debug|x64
		{229D1074-FFB5-46FA-A6E3-75007D98C19A}.Debug|x64.Build.0 = Debug|x64
		{229D1074-FFB5-46FA-A6E3-75007D98C19A}.Release|x64.ActiveCfg = Release|x64
		{229D1074-FFB5-46FA-A6E3-75007D98C19A}.Release|x64.Build.0 = Release|x64
		{229D1074-FFB5-46FA-A6E3-75007D98C19A}.Debug|x86.ActiveCfg = Debug|x86
		{229D1074-FFB5-46FA-A6E3-75007D98C19A}.Debug|x86.Build.0 = Debug|x86
		{229D1074-FFB5-46FA-A6E3-75007D98C19A}.Release|x86.ActiveCfg = Release|x86
		{229D1074-FFB5-46FA-A6E3-75007D98C19A}.Release|x86.Build.0 = Release|x86
		{095E71A3-34EE-4741-8C04-5E6D96E43B2F}.Debug|Any CPU.ActiveCfg = Debug|Any CPU
		{095E71A3-34EE-4741-8C04-5E6D96E43B2F}.Debug|Any CPU.Build.0 = Debug|Any CPU
		{095E71A3-34EE-4741-8C04-5E6D96E43B2F}.Release|Any CPU.ActiveCfg = Release|Any CPU
		{095E71A3-34EE-4741-8C04-5E6D96E43B2F}.Release|Any CPU.Build.0 = Release|Any CPU
		{095E71A3-34EE-4741-8C04-5E6D96E43B2F}.Debug|x64.ActiveCfg = Debug|x64
		{095E71A3-34EE-4741-8C04-5E6D96E43B2F}.Debug|x64.Build.0 = Debug|x64
		{095E71A3-34EE-4741-8C04-5E6D96E43B2F}.Release|x64.ActiveCfg = Release|x64
		{095E71A3-34EE-4741-8C04-5E6D96E43B2F}.Release|x64.Build.0 = Release|x64
		{095E71A3-34EE-4741-8C04-5E6D96E43B2F}.Debug|x86.ActiveCfg = Debug|x86
		{095E71A3-34EE-4741-8C04-5E6D96E43B2F}.Debug|x86.Build.0 = Debug|x86
		{095E71A3-34EE-4741-8C04-5E6D96E43B2F}.Release|x86.ActiveCfg = Release|x86
		{095E71A3-34EE-4741-8C04-5E6D96E43B2F}.Release|x86.Build.0 = Release|x86
	EndGlobalSection
	GlobalSection(SolutionProperties) = preSolution
		HideSolutionNode = FALSE
	EndGlobalSection
EndGlobal
