
Microsoft Visual Studio Solution File, Format Version 11.00
# Visual Studio 2010
Project("{FAE04EC0-301F-11D3-BF4B-00C04F79EFBC}") = "Testing.Repository", "Class Libraries\Testing.Repository\Testing.Repository.csproj", "{25964BBC-AD2A-4ACE-9158-7C74915FC398}"
EndProject
Project("{FAE04EC0-301F-11D3-BF4B-00C04F79EFBC}") = "Testing.Repository.Facts", "Class Libraries\Testing.Repository.Facts\Testing.Repository.Facts.csproj", "{C562E0DE-4257-4D12-AB3C-8EEB298A6D01}"
EndProject
Project("{2150E333-8FDC-42A3-9474-1A3956D46DE8}") = ".nuget", ".nuget", "{5D950B32-7E8E-495B-95DE-DA62E56D79C7}"
	ProjectSection(SolutionItems) = preProject
		Cavity Repository Testing.bundle = Cavity Repository Testing.bundle
		.nuget\Cavity Repository Testing.nuspec = .nuget\Cavity Repository Testing.nuspec
		.nuget\NuGet.exe = .nuget\NuGet.exe
		.nuget\NuGet.targets = .nuget\NuGet.targets
	EndProjectSection
EndProject
Global
	GlobalSection(SolutionConfigurationPlatforms) = preSolution
		Debug|Any CPU = Debug|Any CPU
		Release|Any CPU = Release|Any CPU
	EndGlobalSection
	GlobalSection(ProjectConfigurationPlatforms) = postSolution
		{25964BBC-AD2A-4ACE-9158-7C74915FC398}.Debug|Any CPU.ActiveCfg = Debug|Any CPU
		{25964BBC-AD2A-4ACE-9158-7C74915FC398}.Debug|Any CPU.Build.0 = Debug|Any CPU
		{25964BBC-AD2A-4ACE-9158-7C74915FC398}.Release|Any CPU.ActiveCfg = Release|Any CPU
		{25964BBC-AD2A-4ACE-9158-7C74915FC398}.Release|Any CPU.Build.0 = Release|Any CPU
		{C562E0DE-4257-4D12-AB3C-8EEB298A6D01}.Debug|Any CPU.ActiveCfg = Debug|Any CPU
		{C562E0DE-4257-4D12-AB3C-8EEB298A6D01}.Debug|Any CPU.Build.0 = Debug|Any CPU
		{C562E0DE-4257-4D12-AB3C-8EEB298A6D01}.Release|Any CPU.ActiveCfg = Release|Any CPU
		{C562E0DE-4257-4D12-AB3C-8EEB298A6D01}.Release|Any CPU.Build.0 = Release|Any CPU
	EndGlobalSection
	GlobalSection(SolutionProperties) = preSolution
		HideSolutionNode = FALSE
	EndGlobalSection
EndGlobal
