
Microsoft Visual Studio Solution File, Format Version 11.00
# Visual Studio 2010
Project("{2150E333-8FDC-42A3-9474-1A3956D46DE8}") = "Class Libraries", "Class Libraries", "{8953A4A0-B92A-4C85-A690-F9C9248DE52F}"
EndProject
Project("{FAE04EC0-301F-11D3-BF4B-00C04F79EFBC}") = "Core", "ClassLibraries\Core\Core.csproj", "{02AC0AB1-A2F4-4B34-B0FA-E004EB1A60DA}"
EndProject
Project("{FAE04EC0-301F-11D3-BF4B-00C04F79EFBC}") = "Core.Facts", "ClassLibraries\Core.Facts\Core.Facts.csproj", "{E912C668-ED80-471E-9E57-BDB10394E47B}"
EndProject
Project("{FAE04EC0-301F-11D3-BF4B-00C04F79EFBC}") = "Http.Client", "ClassLibraries\Http.Client\Http.Client.csproj", "{C0BA6034-C107-4295-B494-BA6163C8B6E4}"
EndProject
Project("{FAE04EC0-301F-11D3-BF4B-00C04F79EFBC}") = "Http.Client.Facts", "ClassLibraries\Http.Client.Facts\Http.Client.Facts.csproj", "{0A237283-3525-405E-B571-79D40170C763}"
EndProject
Project("{FAE04EC0-301F-11D3-BF4B-00C04F79EFBC}") = "Http.Client.Server.Tests", "ClassLibraries\Http.Client.Server.Tests\Http.Client.Server.Tests.csproj", "{513E2CF7-8C8E-4321-84BD-5663AE3F58C1}"
EndProject
Project("{FAE04EC0-301F-11D3-BF4B-00C04F79EFBC}") = "ServiceLocation", "ClassLibraries\ServiceLocation\ServiceLocation.csproj", "{6FE7A292-4EF7-4DA1-95AF-6F03822042E7}"
EndProject
Project("{FAE04EC0-301F-11D3-BF4B-00C04F79EFBC}") = "ServiceLocation.Facts", "ClassLibraries\ServiceLocation.Facts\ServiceLocation.Facts.csproj", "{9E656B3A-FF1E-4CA4-8E6B-4BD7ADF1809F}"
EndProject
Project("{FAE04EC0-301F-11D3-BF4B-00C04F79EFBC}") = "Testing.Unit", "ClassLibraries\Testing.Unit\Testing.Unit.csproj", "{006D53FD-73F1-47F9-B17E-E858B3DC52D8}"
EndProject
Project("{FAE04EC0-301F-11D3-BF4B-00C04F79EFBC}") = "Testing.Unit.Facts", "ClassLibraries\Testing.Unit.Facts\Testing.Unit.Facts.csproj", "{DEE68EFC-926D-4FBF-9ACB-E5539E2313E6}"
EndProject
Project("{2150E333-8FDC-42A3-9474-1A3956D46DE8}") = "Class Libraries (Service Location Providers)", "Class Libraries (Service Location Providers)", "{33996AAF-6205-4DE7-9A96-B4FDFA064E7F}"
EndProject
Project("{FAE04EC0-301F-11D3-BF4B-00C04F79EFBC}") = "ServiceLocation.Autofac", "ClassLibraries\ServiceLocation.Autofac\ServiceLocation.Autofac.csproj", "{6BCF22E0-E321-431B-AEE2-981A03C66E09}"
EndProject
Project("{FAE04EC0-301F-11D3-BF4B-00C04F79EFBC}") = "ServiceLocation.Autofac.Facts", "ClassLibraries\ServiceLocation.Autofac.Facts\ServiceLocation.Autofac.Facts.csproj", "{D0299C27-537C-42CE-B313-9F4D34EF8395}"
EndProject
Project("{FAE04EC0-301F-11D3-BF4B-00C04F79EFBC}") = "ServiceLocation.CastleWindsor", "ClassLibraries\ServiceLocation.CastleWindsor\ServiceLocation.CastleWindsor.csproj", "{DAA78F38-1405-4971-AB8D-1D42FD41B848}"
EndProject
Project("{FAE04EC0-301F-11D3-BF4B-00C04F79EFBC}") = "ServiceLocation.CastleWindsor.Facts", "ClassLibraries\ServiceLocation.CastleWindsor.Facts\ServiceLocation.CastleWindsor.Facts.csproj", "{7DD77C51-A1D5-486A-948A-20AA80C4D55E}"
EndProject
Project("{FAE04EC0-301F-11D3-BF4B-00C04F79EFBC}") = "ServiceLocation.StructureMap", "ClassLibraries\ServiceLocation.StructureMap\ServiceLocation.StructureMap.csproj", "{229D1074-FFB5-46FA-A6E3-75007D98C19A}"
EndProject
Project("{FAE04EC0-301F-11D3-BF4B-00C04F79EFBC}") = "ServiceLocation.StructureMap.Facts", "ClassLibraries\ServiceLocation.StructureMap.Facts\ServiceLocation.StructureMap.Facts.csproj", "{095E71A3-34EE-4741-8C04-5E6D96E43B2F}"
EndProject
Project("{FAE04EC0-301F-11D3-BF4B-00C04F79EFBC}") = "ServiceLocation.Unity", "ClassLibraries\ServiceLocation.Unity\ServiceLocation.Unity.csproj", "{4E862695-27DA-49EB-B567-586767F731BA}"
EndProject
Project("{FAE04EC0-301F-11D3-BF4B-00C04F79EFBC}") = "ServiceLocation.Unity.Facts", "ClassLibraries\ServiceLocation.Unity.Facts\ServiceLocation.Unity.Facts.csproj", "{F5C5643E-5457-4996-B0FB-7ADA360107B5}"
EndProject
Project("{2150E333-8FDC-42A3-9474-1A3956D46DE8}") = "Console Applications", "Console Applications", "{B46E9F9D-F31E-4114-B813-2D8EC1B2FC6E}"
EndProject
Project("{FAE04EC0-301F-11D3-BF4B-00C04F79EFBC}") = "Example", "ClassLibraries\Example\Example.csproj", "{B7D55FAC-47D6-45E4-8352-CF9980DC93D0}"
EndProject
Project("{FAE04EC0-301F-11D3-BF4B-00C04F79EFBC}") = "Example.CastleWindsor.Console", "ConsoleApplications\Example.CastleWindsor.Console\Example.CastleWindsor.Console.csproj", "{57F749C6-E68D-4E01-B23F-F58E14745FF8}"
EndProject
Project("{FAE04EC0-301F-11D3-BF4B-00C04F79EFBC}") = "Example.Autofac.Console", "ConsoleApplications\Example.Autofac.Console\Example.Autofac.Console.csproj", "{EEF576C7-FF70-4949-8999-B716C1F7245C}"
EndProject
Project("{FAE04EC0-301F-11D3-BF4B-00C04F79EFBC}") = "Example.StructureMap.Console", "ConsoleApplications\Example.StructureMap.Console\Example.StructureMap.Console.csproj", "{440ACB41-EA41-4BC4-87BA-FB6498EBD909}"
EndProject
Project("{FAE04EC0-301F-11D3-BF4B-00C04F79EFBC}") = "Example.Unity.Console", "ConsoleApplications\Example.Unity.Console\Example.Unity.Console.csproj", "{874C73B7-5FEE-4726-BCA1-344B75569B2C}"
EndProject
Project("{2150E333-8FDC-42A3-9474-1A3956D46DE8}") = "Web Applications", "Web Applications", "{60CB3FFB-0F18-4BCA-8CED-F38C7B2B78B9}"
EndProject
Project("{FAE04EC0-301F-11D3-BF4B-00C04F79EFBC}") = "Http.Client.Server", "WebApplications\Http.Client.Server\Http.Client.Server.csproj", "{49BD6C0E-5494-41B0-B4EC-6E7AA4C7ACF2}"
EndProject
Project("{FAE04EC0-301F-11D3-BF4B-00C04F79EFBC}") = "Domain", "ClassLibraries\Domain\Domain.csproj", "{2494FF0C-7ABE-4F07-A66B-D209B061CD58}"
EndProject
Project("{FAE04EC0-301F-11D3-BF4B-00C04F79EFBC}") = "Domain.Facts", "ClassLibraries\Domain.Facts\Domain.Facts.csproj", "{8687E437-6EB9-4EB2-A8D1-A98E2C3971C3}"
EndProject
Project("{FAE04EC0-301F-11D3-BF4B-00C04F79EFBC}") = "Build.Tasks", "ClassLibraries\Build.Tasks\Build.Tasks.csproj", "{0FF43960-7762-46A3-BA82-DBA2161DBAC9}"
EndProject
Project("{FAE04EC0-301F-11D3-BF4B-00C04F79EFBC}") = "Build.Tasks.Facts", "ClassLibraries\Build.Tasks.Facts\Build.Tasks.Facts.csproj", "{14BB7A5D-3FED-49A7-9BE1-B4F6BF8BF557}"
EndProject
Project("{FAE04EC0-301F-11D3-BF4B-00C04F79EFBC}") = "Testing.Http", "ClassLibraries\Testing.Http\Testing.Http.csproj", "{AC90D9D3-8BF2-4B70-A11C-63893116EFE1}"
EndProject
Project("{FAE04EC0-301F-11D3-BF4B-00C04F79EFBC}") = "Testing.Http.Facts", "ClassLibraries\Testing.Http.Facts\Testing.Http.Facts.csproj", "{D51419D9-47CB-480F-9BA1-5DA6585D73C7}"
EndProject
Project("{2150E333-8FDC-42A3-9474-1A3956D46DE8}") = "WindowsServices", "WindowsServices", "{97BD7A1B-B62D-4FC5-B94E-A78533D905BA}"
EndProject
Project("{FAE04EC0-301F-11D3-BF4B-00C04F79EFBC}") = "TaskManagement.Service", "WindowsServices\TaskManagement.Service\TaskManagement.Service.csproj", "{5033C424-2DB0-4171-82B6-AE08EE0D9FB4}"
EndProject
Project("{FAE04EC0-301F-11D3-BF4B-00C04F79EFBC}") = "TaskManagement", "ClassLibraries\TaskManagement\TaskManagement.csproj", "{B3D39F6B-980E-4B0F-B58E-BF295A936B2C}"
EndProject
Project("{FAE04EC0-301F-11D3-BF4B-00C04F79EFBC}") = "TaskManagement.Facts", "ClassLibraries\TaskManagement.Facts\TaskManagement.Facts.csproj", "{9A604E09-0CC1-4E81-9C4B-137DC35FDE7A}"
EndProject
Global
	GlobalSection(SolutionConfigurationPlatforms) = preSolution
		Debug|Any CPU = Debug|Any CPU
		Debug|Mixed Platforms = Debug|Mixed Platforms
		Debug|x86 = Debug|x86
		Release|Any CPU = Release|Any CPU
		Release|Mixed Platforms = Release|Mixed Platforms
		Release|x86 = Release|x86
	EndGlobalSection
	GlobalSection(ProjectConfigurationPlatforms) = postSolution
		{02AC0AB1-A2F4-4B34-B0FA-E004EB1A60DA}.Debug|Any CPU.ActiveCfg = Debug|Any CPU
		{02AC0AB1-A2F4-4B34-B0FA-E004EB1A60DA}.Debug|Any CPU.Build.0 = Debug|Any CPU
		{02AC0AB1-A2F4-4B34-B0FA-E004EB1A60DA}.Debug|Mixed Platforms.ActiveCfg = Debug|Any CPU
		{02AC0AB1-A2F4-4B34-B0FA-E004EB1A60DA}.Debug|Mixed Platforms.Build.0 = Debug|Any CPU
		{02AC0AB1-A2F4-4B34-B0FA-E004EB1A60DA}.Debug|x86.ActiveCfg = Debug|Any CPU
		{02AC0AB1-A2F4-4B34-B0FA-E004EB1A60DA}.Release|Any CPU.ActiveCfg = Release|Any CPU
		{02AC0AB1-A2F4-4B34-B0FA-E004EB1A60DA}.Release|Any CPU.Build.0 = Release|Any CPU
		{02AC0AB1-A2F4-4B34-B0FA-E004EB1A60DA}.Release|Mixed Platforms.ActiveCfg = Release|Any CPU
		{02AC0AB1-A2F4-4B34-B0FA-E004EB1A60DA}.Release|Mixed Platforms.Build.0 = Release|Any CPU
		{02AC0AB1-A2F4-4B34-B0FA-E004EB1A60DA}.Release|x86.ActiveCfg = Release|Any CPU
		{E912C668-ED80-471E-9E57-BDB10394E47B}.Debug|Any CPU.ActiveCfg = Debug|Any CPU
		{E912C668-ED80-471E-9E57-BDB10394E47B}.Debug|Any CPU.Build.0 = Debug|Any CPU
		{E912C668-ED80-471E-9E57-BDB10394E47B}.Debug|Mixed Platforms.ActiveCfg = Debug|Any CPU
		{E912C668-ED80-471E-9E57-BDB10394E47B}.Debug|Mixed Platforms.Build.0 = Debug|Any CPU
		{E912C668-ED80-471E-9E57-BDB10394E47B}.Debug|x86.ActiveCfg = Debug|Any CPU
		{E912C668-ED80-471E-9E57-BDB10394E47B}.Release|Any CPU.ActiveCfg = Release|Any CPU
		{E912C668-ED80-471E-9E57-BDB10394E47B}.Release|Any CPU.Build.0 = Release|Any CPU
		{E912C668-ED80-471E-9E57-BDB10394E47B}.Release|Mixed Platforms.ActiveCfg = Release|Any CPU
		{E912C668-ED80-471E-9E57-BDB10394E47B}.Release|Mixed Platforms.Build.0 = Release|Any CPU
		{E912C668-ED80-471E-9E57-BDB10394E47B}.Release|x86.ActiveCfg = Release|Any CPU
		{C0BA6034-C107-4295-B494-BA6163C8B6E4}.Debug|Any CPU.ActiveCfg = Debug|Any CPU
		{C0BA6034-C107-4295-B494-BA6163C8B6E4}.Debug|Any CPU.Build.0 = Debug|Any CPU
		{C0BA6034-C107-4295-B494-BA6163C8B6E4}.Debug|Mixed Platforms.ActiveCfg = Debug|Any CPU
		{C0BA6034-C107-4295-B494-BA6163C8B6E4}.Debug|Mixed Platforms.Build.0 = Debug|Any CPU
		{C0BA6034-C107-4295-B494-BA6163C8B6E4}.Debug|x86.ActiveCfg = Debug|Any CPU
		{C0BA6034-C107-4295-B494-BA6163C8B6E4}.Release|Any CPU.ActiveCfg = Release|Any CPU
		{C0BA6034-C107-4295-B494-BA6163C8B6E4}.Release|Any CPU.Build.0 = Release|Any CPU
		{C0BA6034-C107-4295-B494-BA6163C8B6E4}.Release|Mixed Platforms.ActiveCfg = Release|Any CPU
		{C0BA6034-C107-4295-B494-BA6163C8B6E4}.Release|Mixed Platforms.Build.0 = Release|Any CPU
		{C0BA6034-C107-4295-B494-BA6163C8B6E4}.Release|x86.ActiveCfg = Release|Any CPU
		{0A237283-3525-405E-B571-79D40170C763}.Debug|Any CPU.ActiveCfg = Debug|Any CPU
		{0A237283-3525-405E-B571-79D40170C763}.Debug|Any CPU.Build.0 = Debug|Any CPU
		{0A237283-3525-405E-B571-79D40170C763}.Debug|Mixed Platforms.ActiveCfg = Debug|Any CPU
		{0A237283-3525-405E-B571-79D40170C763}.Debug|Mixed Platforms.Build.0 = Debug|Any CPU
		{0A237283-3525-405E-B571-79D40170C763}.Debug|x86.ActiveCfg = Debug|Any CPU
		{0A237283-3525-405E-B571-79D40170C763}.Release|Any CPU.ActiveCfg = Release|Any CPU
		{0A237283-3525-405E-B571-79D40170C763}.Release|Any CPU.Build.0 = Release|Any CPU
		{0A237283-3525-405E-B571-79D40170C763}.Release|Mixed Platforms.ActiveCfg = Release|Any CPU
		{0A237283-3525-405E-B571-79D40170C763}.Release|Mixed Platforms.Build.0 = Release|Any CPU
		{0A237283-3525-405E-B571-79D40170C763}.Release|x86.ActiveCfg = Release|Any CPU
		{513E2CF7-8C8E-4321-84BD-5663AE3F58C1}.Debug|Any CPU.ActiveCfg = Debug|Any CPU
		{513E2CF7-8C8E-4321-84BD-5663AE3F58C1}.Debug|Any CPU.Build.0 = Debug|Any CPU
		{513E2CF7-8C8E-4321-84BD-5663AE3F58C1}.Debug|Mixed Platforms.ActiveCfg = Debug|Any CPU
		{513E2CF7-8C8E-4321-84BD-5663AE3F58C1}.Debug|Mixed Platforms.Build.0 = Debug|Any CPU
		{513E2CF7-8C8E-4321-84BD-5663AE3F58C1}.Debug|x86.ActiveCfg = Debug|Any CPU
		{513E2CF7-8C8E-4321-84BD-5663AE3F58C1}.Release|Any CPU.ActiveCfg = Release|Any CPU
		{513E2CF7-8C8E-4321-84BD-5663AE3F58C1}.Release|Any CPU.Build.0 = Release|Any CPU
		{513E2CF7-8C8E-4321-84BD-5663AE3F58C1}.Release|Mixed Platforms.ActiveCfg = Release|Any CPU
		{513E2CF7-8C8E-4321-84BD-5663AE3F58C1}.Release|Mixed Platforms.Build.0 = Release|Any CPU
		{513E2CF7-8C8E-4321-84BD-5663AE3F58C1}.Release|x86.ActiveCfg = Release|Any CPU
		{6FE7A292-4EF7-4DA1-95AF-6F03822042E7}.Debug|Any CPU.ActiveCfg = Debug|Any CPU
		{6FE7A292-4EF7-4DA1-95AF-6F03822042E7}.Debug|Any CPU.Build.0 = Debug|Any CPU
		{6FE7A292-4EF7-4DA1-95AF-6F03822042E7}.Debug|Mixed Platforms.ActiveCfg = Debug|Any CPU
		{6FE7A292-4EF7-4DA1-95AF-6F03822042E7}.Debug|Mixed Platforms.Build.0 = Debug|Any CPU
		{6FE7A292-4EF7-4DA1-95AF-6F03822042E7}.Debug|x86.ActiveCfg = Debug|Any CPU
		{6FE7A292-4EF7-4DA1-95AF-6F03822042E7}.Release|Any CPU.ActiveCfg = Release|Any CPU
		{6FE7A292-4EF7-4DA1-95AF-6F03822042E7}.Release|Any CPU.Build.0 = Release|Any CPU
		{6FE7A292-4EF7-4DA1-95AF-6F03822042E7}.Release|Mixed Platforms.ActiveCfg = Release|Any CPU
		{6FE7A292-4EF7-4DA1-95AF-6F03822042E7}.Release|Mixed Platforms.Build.0 = Release|Any CPU
		{6FE7A292-4EF7-4DA1-95AF-6F03822042E7}.Release|x86.ActiveCfg = Release|Any CPU
		{9E656B3A-FF1E-4CA4-8E6B-4BD7ADF1809F}.Debug|Any CPU.ActiveCfg = Debug|Any CPU
		{9E656B3A-FF1E-4CA4-8E6B-4BD7ADF1809F}.Debug|Any CPU.Build.0 = Debug|Any CPU
		{9E656B3A-FF1E-4CA4-8E6B-4BD7ADF1809F}.Debug|Mixed Platforms.ActiveCfg = Debug|Any CPU
		{9E656B3A-FF1E-4CA4-8E6B-4BD7ADF1809F}.Debug|Mixed Platforms.Build.0 = Debug|Any CPU
		{9E656B3A-FF1E-4CA4-8E6B-4BD7ADF1809F}.Debug|x86.ActiveCfg = Debug|Any CPU
		{9E656B3A-FF1E-4CA4-8E6B-4BD7ADF1809F}.Release|Any CPU.ActiveCfg = Release|Any CPU
		{9E656B3A-FF1E-4CA4-8E6B-4BD7ADF1809F}.Release|Any CPU.Build.0 = Release|Any CPU
		{9E656B3A-FF1E-4CA4-8E6B-4BD7ADF1809F}.Release|Mixed Platforms.ActiveCfg = Release|Any CPU
		{9E656B3A-FF1E-4CA4-8E6B-4BD7ADF1809F}.Release|Mixed Platforms.Build.0 = Release|Any CPU
		{9E656B3A-FF1E-4CA4-8E6B-4BD7ADF1809F}.Release|x86.ActiveCfg = Release|Any CPU
		{006D53FD-73F1-47F9-B17E-E858B3DC52D8}.Debug|Any CPU.ActiveCfg = Debug|Any CPU
		{006D53FD-73F1-47F9-B17E-E858B3DC52D8}.Debug|Any CPU.Build.0 = Debug|Any CPU
		{006D53FD-73F1-47F9-B17E-E858B3DC52D8}.Debug|Mixed Platforms.ActiveCfg = Debug|Any CPU
		{006D53FD-73F1-47F9-B17E-E858B3DC52D8}.Debug|Mixed Platforms.Build.0 = Debug|Any CPU
		{006D53FD-73F1-47F9-B17E-E858B3DC52D8}.Debug|x86.ActiveCfg = Debug|Any CPU
		{006D53FD-73F1-47F9-B17E-E858B3DC52D8}.Release|Any CPU.ActiveCfg = Release|Any CPU
		{006D53FD-73F1-47F9-B17E-E858B3DC52D8}.Release|Any CPU.Build.0 = Release|Any CPU
		{006D53FD-73F1-47F9-B17E-E858B3DC52D8}.Release|Mixed Platforms.ActiveCfg = Release|Any CPU
		{006D53FD-73F1-47F9-B17E-E858B3DC52D8}.Release|Mixed Platforms.Build.0 = Release|Any CPU
		{006D53FD-73F1-47F9-B17E-E858B3DC52D8}.Release|x86.ActiveCfg = Release|Any CPU
		{DEE68EFC-926D-4FBF-9ACB-E5539E2313E6}.Debug|Any CPU.ActiveCfg = Debug|Any CPU
		{DEE68EFC-926D-4FBF-9ACB-E5539E2313E6}.Debug|Any CPU.Build.0 = Debug|Any CPU
		{DEE68EFC-926D-4FBF-9ACB-E5539E2313E6}.Debug|Mixed Platforms.ActiveCfg = Debug|Any CPU
		{DEE68EFC-926D-4FBF-9ACB-E5539E2313E6}.Debug|Mixed Platforms.Build.0 = Debug|Any CPU
		{DEE68EFC-926D-4FBF-9ACB-E5539E2313E6}.Debug|x86.ActiveCfg = Debug|Any CPU
		{DEE68EFC-926D-4FBF-9ACB-E5539E2313E6}.Release|Any CPU.ActiveCfg = Release|Any CPU
		{DEE68EFC-926D-4FBF-9ACB-E5539E2313E6}.Release|Any CPU.Build.0 = Release|Any CPU
		{DEE68EFC-926D-4FBF-9ACB-E5539E2313E6}.Release|Mixed Platforms.ActiveCfg = Release|Any CPU
		{DEE68EFC-926D-4FBF-9ACB-E5539E2313E6}.Release|Mixed Platforms.Build.0 = Release|Any CPU
		{DEE68EFC-926D-4FBF-9ACB-E5539E2313E6}.Release|x86.ActiveCfg = Release|Any CPU
		{6BCF22E0-E321-431B-AEE2-981A03C66E09}.Debug|Any CPU.ActiveCfg = Debug|Any CPU
		{6BCF22E0-E321-431B-AEE2-981A03C66E09}.Debug|Any CPU.Build.0 = Debug|Any CPU
		{6BCF22E0-E321-431B-AEE2-981A03C66E09}.Debug|Mixed Platforms.ActiveCfg = Debug|Any CPU
		{6BCF22E0-E321-431B-AEE2-981A03C66E09}.Debug|Mixed Platforms.Build.0 = Debug|Any CPU
		{6BCF22E0-E321-431B-AEE2-981A03C66E09}.Debug|x86.ActiveCfg = Debug|Any CPU
		{6BCF22E0-E321-431B-AEE2-981A03C66E09}.Release|Any CPU.ActiveCfg = Release|Any CPU
		{6BCF22E0-E321-431B-AEE2-981A03C66E09}.Release|Any CPU.Build.0 = Release|Any CPU
		{6BCF22E0-E321-431B-AEE2-981A03C66E09}.Release|Mixed Platforms.ActiveCfg = Release|Any CPU
		{6BCF22E0-E321-431B-AEE2-981A03C66E09}.Release|Mixed Platforms.Build.0 = Release|Any CPU
		{6BCF22E0-E321-431B-AEE2-981A03C66E09}.Release|x86.ActiveCfg = Release|Any CPU
		{D0299C27-537C-42CE-B313-9F4D34EF8395}.Debug|Any CPU.ActiveCfg = Debug|Any CPU
		{D0299C27-537C-42CE-B313-9F4D34EF8395}.Debug|Any CPU.Build.0 = Debug|Any CPU
		{D0299C27-537C-42CE-B313-9F4D34EF8395}.Debug|Mixed Platforms.ActiveCfg = Debug|Any CPU
		{D0299C27-537C-42CE-B313-9F4D34EF8395}.Debug|Mixed Platforms.Build.0 = Debug|Any CPU
		{D0299C27-537C-42CE-B313-9F4D34EF8395}.Debug|x86.ActiveCfg = Debug|Any CPU
		{D0299C27-537C-42CE-B313-9F4D34EF8395}.Release|Any CPU.ActiveCfg = Release|Any CPU
		{D0299C27-537C-42CE-B313-9F4D34EF8395}.Release|Any CPU.Build.0 = Release|Any CPU
		{D0299C27-537C-42CE-B313-9F4D34EF8395}.Release|Mixed Platforms.ActiveCfg = Release|Any CPU
		{D0299C27-537C-42CE-B313-9F4D34EF8395}.Release|Mixed Platforms.Build.0 = Release|Any CPU
		{D0299C27-537C-42CE-B313-9F4D34EF8395}.Release|x86.ActiveCfg = Release|Any CPU
		{DAA78F38-1405-4971-AB8D-1D42FD41B848}.Debug|Any CPU.ActiveCfg = Debug|Any CPU
		{DAA78F38-1405-4971-AB8D-1D42FD41B848}.Debug|Any CPU.Build.0 = Debug|Any CPU
		{DAA78F38-1405-4971-AB8D-1D42FD41B848}.Debug|Mixed Platforms.ActiveCfg = Debug|Any CPU
		{DAA78F38-1405-4971-AB8D-1D42FD41B848}.Debug|Mixed Platforms.Build.0 = Debug|Any CPU
		{DAA78F38-1405-4971-AB8D-1D42FD41B848}.Debug|x86.ActiveCfg = Debug|Any CPU
		{DAA78F38-1405-4971-AB8D-1D42FD41B848}.Release|Any CPU.ActiveCfg = Release|Any CPU
		{DAA78F38-1405-4971-AB8D-1D42FD41B848}.Release|Any CPU.Build.0 = Release|Any CPU
		{DAA78F38-1405-4971-AB8D-1D42FD41B848}.Release|Mixed Platforms.ActiveCfg = Release|Any CPU
		{DAA78F38-1405-4971-AB8D-1D42FD41B848}.Release|Mixed Platforms.Build.0 = Release|Any CPU
		{DAA78F38-1405-4971-AB8D-1D42FD41B848}.Release|x86.ActiveCfg = Release|Any CPU
		{7DD77C51-A1D5-486A-948A-20AA80C4D55E}.Debug|Any CPU.ActiveCfg = Debug|Any CPU
		{7DD77C51-A1D5-486A-948A-20AA80C4D55E}.Debug|Any CPU.Build.0 = Debug|Any CPU
		{7DD77C51-A1D5-486A-948A-20AA80C4D55E}.Debug|Mixed Platforms.ActiveCfg = Debug|Any CPU
		{7DD77C51-A1D5-486A-948A-20AA80C4D55E}.Debug|Mixed Platforms.Build.0 = Debug|Any CPU
		{7DD77C51-A1D5-486A-948A-20AA80C4D55E}.Debug|x86.ActiveCfg = Debug|Any CPU
		{7DD77C51-A1D5-486A-948A-20AA80C4D55E}.Release|Any CPU.ActiveCfg = Release|Any CPU
		{7DD77C51-A1D5-486A-948A-20AA80C4D55E}.Release|Any CPU.Build.0 = Release|Any CPU
		{7DD77C51-A1D5-486A-948A-20AA80C4D55E}.Release|Mixed Platforms.ActiveCfg = Release|Any CPU
		{7DD77C51-A1D5-486A-948A-20AA80C4D55E}.Release|Mixed Platforms.Build.0 = Release|Any CPU
		{7DD77C51-A1D5-486A-948A-20AA80C4D55E}.Release|x86.ActiveCfg = Release|Any CPU
		{229D1074-FFB5-46FA-A6E3-75007D98C19A}.Debug|Any CPU.ActiveCfg = Debug|Any CPU
		{229D1074-FFB5-46FA-A6E3-75007D98C19A}.Debug|Any CPU.Build.0 = Debug|Any CPU
		{229D1074-FFB5-46FA-A6E3-75007D98C19A}.Debug|Mixed Platforms.ActiveCfg = Debug|Any CPU
		{229D1074-FFB5-46FA-A6E3-75007D98C19A}.Debug|Mixed Platforms.Build.0 = Debug|Any CPU
		{229D1074-FFB5-46FA-A6E3-75007D98C19A}.Debug|x86.ActiveCfg = Debug|Any CPU
		{229D1074-FFB5-46FA-A6E3-75007D98C19A}.Release|Any CPU.ActiveCfg = Release|Any CPU
		{229D1074-FFB5-46FA-A6E3-75007D98C19A}.Release|Any CPU.Build.0 = Release|Any CPU
		{229D1074-FFB5-46FA-A6E3-75007D98C19A}.Release|Mixed Platforms.ActiveCfg = Release|Any CPU
		{229D1074-FFB5-46FA-A6E3-75007D98C19A}.Release|Mixed Platforms.Build.0 = Release|Any CPU
		{229D1074-FFB5-46FA-A6E3-75007D98C19A}.Release|x86.ActiveCfg = Release|Any CPU
		{095E71A3-34EE-4741-8C04-5E6D96E43B2F}.Debug|Any CPU.ActiveCfg = Debug|Any CPU
		{095E71A3-34EE-4741-8C04-5E6D96E43B2F}.Debug|Any CPU.Build.0 = Debug|Any CPU
		{095E71A3-34EE-4741-8C04-5E6D96E43B2F}.Debug|Mixed Platforms.ActiveCfg = Debug|Any CPU
		{095E71A3-34EE-4741-8C04-5E6D96E43B2F}.Debug|Mixed Platforms.Build.0 = Debug|Any CPU
		{095E71A3-34EE-4741-8C04-5E6D96E43B2F}.Debug|x86.ActiveCfg = Debug|Any CPU
		{095E71A3-34EE-4741-8C04-5E6D96E43B2F}.Release|Any CPU.ActiveCfg = Release|Any CPU
		{095E71A3-34EE-4741-8C04-5E6D96E43B2F}.Release|Any CPU.Build.0 = Release|Any CPU
		{095E71A3-34EE-4741-8C04-5E6D96E43B2F}.Release|Mixed Platforms.ActiveCfg = Release|Any CPU
		{095E71A3-34EE-4741-8C04-5E6D96E43B2F}.Release|Mixed Platforms.Build.0 = Release|Any CPU
		{095E71A3-34EE-4741-8C04-5E6D96E43B2F}.Release|x86.ActiveCfg = Release|Any CPU
		{4E862695-27DA-49EB-B567-586767F731BA}.Debug|Any CPU.ActiveCfg = Debug|Any CPU
		{4E862695-27DA-49EB-B567-586767F731BA}.Debug|Any CPU.Build.0 = Debug|Any CPU
		{4E862695-27DA-49EB-B567-586767F731BA}.Debug|Mixed Platforms.ActiveCfg = Debug|Any CPU
		{4E862695-27DA-49EB-B567-586767F731BA}.Debug|Mixed Platforms.Build.0 = Debug|Any CPU
		{4E862695-27DA-49EB-B567-586767F731BA}.Debug|x86.ActiveCfg = Debug|Any CPU
		{4E862695-27DA-49EB-B567-586767F731BA}.Release|Any CPU.ActiveCfg = Release|Any CPU
		{4E862695-27DA-49EB-B567-586767F731BA}.Release|Any CPU.Build.0 = Release|Any CPU
		{4E862695-27DA-49EB-B567-586767F731BA}.Release|Mixed Platforms.ActiveCfg = Release|Any CPU
		{4E862695-27DA-49EB-B567-586767F731BA}.Release|Mixed Platforms.Build.0 = Release|Any CPU
		{4E862695-27DA-49EB-B567-586767F731BA}.Release|x86.ActiveCfg = Release|Any CPU
		{F5C5643E-5457-4996-B0FB-7ADA360107B5}.Debug|Any CPU.ActiveCfg = Debug|Any CPU
		{F5C5643E-5457-4996-B0FB-7ADA360107B5}.Debug|Any CPU.Build.0 = Debug|Any CPU
		{F5C5643E-5457-4996-B0FB-7ADA360107B5}.Debug|Mixed Platforms.ActiveCfg = Debug|Any CPU
		{F5C5643E-5457-4996-B0FB-7ADA360107B5}.Debug|Mixed Platforms.Build.0 = Debug|Any CPU
		{F5C5643E-5457-4996-B0FB-7ADA360107B5}.Debug|x86.ActiveCfg = Debug|Any CPU
		{F5C5643E-5457-4996-B0FB-7ADA360107B5}.Release|Any CPU.ActiveCfg = Release|Any CPU
		{F5C5643E-5457-4996-B0FB-7ADA360107B5}.Release|Any CPU.Build.0 = Release|Any CPU
		{F5C5643E-5457-4996-B0FB-7ADA360107B5}.Release|Mixed Platforms.ActiveCfg = Release|Any CPU
		{F5C5643E-5457-4996-B0FB-7ADA360107B5}.Release|Mixed Platforms.Build.0 = Release|Any CPU
		{F5C5643E-5457-4996-B0FB-7ADA360107B5}.Release|x86.ActiveCfg = Release|Any CPU
		{B7D55FAC-47D6-45E4-8352-CF9980DC93D0}.Debug|Any CPU.ActiveCfg = Debug|Any CPU
		{B7D55FAC-47D6-45E4-8352-CF9980DC93D0}.Debug|Any CPU.Build.0 = Debug|Any CPU
		{B7D55FAC-47D6-45E4-8352-CF9980DC93D0}.Debug|Mixed Platforms.ActiveCfg = Debug|Any CPU
		{B7D55FAC-47D6-45E4-8352-CF9980DC93D0}.Debug|Mixed Platforms.Build.0 = Debug|Any CPU
		{B7D55FAC-47D6-45E4-8352-CF9980DC93D0}.Debug|x86.ActiveCfg = Debug|Any CPU
		{B7D55FAC-47D6-45E4-8352-CF9980DC93D0}.Release|Any CPU.ActiveCfg = Release|Any CPU
		{B7D55FAC-47D6-45E4-8352-CF9980DC93D0}.Release|Any CPU.Build.0 = Release|Any CPU
		{B7D55FAC-47D6-45E4-8352-CF9980DC93D0}.Release|Mixed Platforms.ActiveCfg = Release|Any CPU
		{B7D55FAC-47D6-45E4-8352-CF9980DC93D0}.Release|Mixed Platforms.Build.0 = Release|Any CPU
		{B7D55FAC-47D6-45E4-8352-CF9980DC93D0}.Release|x86.ActiveCfg = Release|Any CPU
		{57F749C6-E68D-4E01-B23F-F58E14745FF8}.Debug|Any CPU.ActiveCfg = Debug|x86
		{57F749C6-E68D-4E01-B23F-F58E14745FF8}.Debug|Mixed Platforms.ActiveCfg = Debug|x86
		{57F749C6-E68D-4E01-B23F-F58E14745FF8}.Debug|Mixed Platforms.Build.0 = Debug|x86
		{57F749C6-E68D-4E01-B23F-F58E14745FF8}.Debug|x86.ActiveCfg = Debug|x86
		{57F749C6-E68D-4E01-B23F-F58E14745FF8}.Debug|x86.Build.0 = Debug|x86
		{57F749C6-E68D-4E01-B23F-F58E14745FF8}.Release|Any CPU.ActiveCfg = Release|x86
		{57F749C6-E68D-4E01-B23F-F58E14745FF8}.Release|Mixed Platforms.ActiveCfg = Release|x86
		{57F749C6-E68D-4E01-B23F-F58E14745FF8}.Release|Mixed Platforms.Build.0 = Release|x86
		{57F749C6-E68D-4E01-B23F-F58E14745FF8}.Release|x86.ActiveCfg = Release|x86
		{57F749C6-E68D-4E01-B23F-F58E14745FF8}.Release|x86.Build.0 = Release|x86
		{EEF576C7-FF70-4949-8999-B716C1F7245C}.Debug|Any CPU.ActiveCfg = Debug|x86
		{EEF576C7-FF70-4949-8999-B716C1F7245C}.Debug|Mixed Platforms.ActiveCfg = Debug|x86
		{EEF576C7-FF70-4949-8999-B716C1F7245C}.Debug|Mixed Platforms.Build.0 = Debug|x86
		{EEF576C7-FF70-4949-8999-B716C1F7245C}.Debug|x86.ActiveCfg = Debug|x86
		{EEF576C7-FF70-4949-8999-B716C1F7245C}.Debug|x86.Build.0 = Debug|x86
		{EEF576C7-FF70-4949-8999-B716C1F7245C}.Release|Any CPU.ActiveCfg = Release|x86
		{EEF576C7-FF70-4949-8999-B716C1F7245C}.Release|Mixed Platforms.ActiveCfg = Release|x86
		{EEF576C7-FF70-4949-8999-B716C1F7245C}.Release|Mixed Platforms.Build.0 = Release|x86
		{EEF576C7-FF70-4949-8999-B716C1F7245C}.Release|x86.ActiveCfg = Release|x86
		{EEF576C7-FF70-4949-8999-B716C1F7245C}.Release|x86.Build.0 = Release|x86
		{440ACB41-EA41-4BC4-87BA-FB6498EBD909}.Debug|Any CPU.ActiveCfg = Debug|x86
		{440ACB41-EA41-4BC4-87BA-FB6498EBD909}.Debug|Mixed Platforms.ActiveCfg = Debug|x86
		{440ACB41-EA41-4BC4-87BA-FB6498EBD909}.Debug|Mixed Platforms.Build.0 = Debug|x86
		{440ACB41-EA41-4BC4-87BA-FB6498EBD909}.Debug|x86.ActiveCfg = Debug|x86
		{440ACB41-EA41-4BC4-87BA-FB6498EBD909}.Debug|x86.Build.0 = Debug|x86
		{440ACB41-EA41-4BC4-87BA-FB6498EBD909}.Release|Any CPU.ActiveCfg = Release|x86
		{440ACB41-EA41-4BC4-87BA-FB6498EBD909}.Release|Mixed Platforms.ActiveCfg = Release|x86
		{440ACB41-EA41-4BC4-87BA-FB6498EBD909}.Release|Mixed Platforms.Build.0 = Release|x86
		{440ACB41-EA41-4BC4-87BA-FB6498EBD909}.Release|x86.ActiveCfg = Release|x86
		{440ACB41-EA41-4BC4-87BA-FB6498EBD909}.Release|x86.Build.0 = Release|x86
		{874C73B7-5FEE-4726-BCA1-344B75569B2C}.Debug|Any CPU.ActiveCfg = Debug|x86
		{874C73B7-5FEE-4726-BCA1-344B75569B2C}.Debug|Mixed Platforms.ActiveCfg = Debug|x86
		{874C73B7-5FEE-4726-BCA1-344B75569B2C}.Debug|Mixed Platforms.Build.0 = Debug|x86
		{874C73B7-5FEE-4726-BCA1-344B75569B2C}.Debug|x86.ActiveCfg = Debug|x86
		{874C73B7-5FEE-4726-BCA1-344B75569B2C}.Debug|x86.Build.0 = Debug|x86
		{874C73B7-5FEE-4726-BCA1-344B75569B2C}.Release|Any CPU.ActiveCfg = Release|x86
		{874C73B7-5FEE-4726-BCA1-344B75569B2C}.Release|Mixed Platforms.ActiveCfg = Release|x86
		{874C73B7-5FEE-4726-BCA1-344B75569B2C}.Release|Mixed Platforms.Build.0 = Release|x86
		{874C73B7-5FEE-4726-BCA1-344B75569B2C}.Release|x86.ActiveCfg = Release|x86
		{874C73B7-5FEE-4726-BCA1-344B75569B2C}.Release|x86.Build.0 = Release|x86
		{49BD6C0E-5494-41B0-B4EC-6E7AA4C7ACF2}.Debug|Any CPU.ActiveCfg = Debug|Any CPU
		{49BD6C0E-5494-41B0-B4EC-6E7AA4C7ACF2}.Debug|Any CPU.Build.0 = Debug|Any CPU
		{49BD6C0E-5494-41B0-B4EC-6E7AA4C7ACF2}.Debug|Mixed Platforms.ActiveCfg = Debug|Any CPU
		{49BD6C0E-5494-41B0-B4EC-6E7AA4C7ACF2}.Debug|Mixed Platforms.Build.0 = Debug|Any CPU
		{49BD6C0E-5494-41B0-B4EC-6E7AA4C7ACF2}.Debug|x86.ActiveCfg = Debug|Any CPU
		{49BD6C0E-5494-41B0-B4EC-6E7AA4C7ACF2}.Release|Any CPU.ActiveCfg = Release|Any CPU
		{49BD6C0E-5494-41B0-B4EC-6E7AA4C7ACF2}.Release|Any CPU.Build.0 = Release|Any CPU
		{49BD6C0E-5494-41B0-B4EC-6E7AA4C7ACF2}.Release|Mixed Platforms.ActiveCfg = Release|Any CPU
		{49BD6C0E-5494-41B0-B4EC-6E7AA4C7ACF2}.Release|Mixed Platforms.Build.0 = Release|Any CPU
		{49BD6C0E-5494-41B0-B4EC-6E7AA4C7ACF2}.Release|x86.ActiveCfg = Release|Any CPU
		{2494FF0C-7ABE-4F07-A66B-D209B061CD58}.Debug|Any CPU.ActiveCfg = Debug|Any CPU
		{2494FF0C-7ABE-4F07-A66B-D209B061CD58}.Debug|Any CPU.Build.0 = Debug|Any CPU
		{2494FF0C-7ABE-4F07-A66B-D209B061CD58}.Debug|Mixed Platforms.ActiveCfg = Debug|Any CPU
		{2494FF0C-7ABE-4F07-A66B-D209B061CD58}.Debug|Mixed Platforms.Build.0 = Debug|Any CPU
		{2494FF0C-7ABE-4F07-A66B-D209B061CD58}.Debug|x86.ActiveCfg = Debug|Any CPU
		{2494FF0C-7ABE-4F07-A66B-D209B061CD58}.Release|Any CPU.ActiveCfg = Release|Any CPU
		{2494FF0C-7ABE-4F07-A66B-D209B061CD58}.Release|Any CPU.Build.0 = Release|Any CPU
		{2494FF0C-7ABE-4F07-A66B-D209B061CD58}.Release|Mixed Platforms.ActiveCfg = Release|Any CPU
		{2494FF0C-7ABE-4F07-A66B-D209B061CD58}.Release|Mixed Platforms.Build.0 = Release|Any CPU
		{2494FF0C-7ABE-4F07-A66B-D209B061CD58}.Release|x86.ActiveCfg = Release|Any CPU
		{8687E437-6EB9-4EB2-A8D1-A98E2C3971C3}.Debug|Any CPU.ActiveCfg = Debug|Any CPU
		{8687E437-6EB9-4EB2-A8D1-A98E2C3971C3}.Debug|Any CPU.Build.0 = Debug|Any CPU
		{8687E437-6EB9-4EB2-A8D1-A98E2C3971C3}.Debug|Mixed Platforms.ActiveCfg = Debug|Any CPU
		{8687E437-6EB9-4EB2-A8D1-A98E2C3971C3}.Debug|Mixed Platforms.Build.0 = Debug|Any CPU
		{8687E437-6EB9-4EB2-A8D1-A98E2C3971C3}.Debug|x86.ActiveCfg = Debug|Any CPU
		{8687E437-6EB9-4EB2-A8D1-A98E2C3971C3}.Release|Any CPU.ActiveCfg = Release|Any CPU
		{8687E437-6EB9-4EB2-A8D1-A98E2C3971C3}.Release|Any CPU.Build.0 = Release|Any CPU
		{8687E437-6EB9-4EB2-A8D1-A98E2C3971C3}.Release|Mixed Platforms.ActiveCfg = Release|Any CPU
		{8687E437-6EB9-4EB2-A8D1-A98E2C3971C3}.Release|Mixed Platforms.Build.0 = Release|Any CPU
		{8687E437-6EB9-4EB2-A8D1-A98E2C3971C3}.Release|x86.ActiveCfg = Release|Any CPU
		{0FF43960-7762-46A3-BA82-DBA2161DBAC9}.Debug|Any CPU.ActiveCfg = Debug|Any CPU
		{0FF43960-7762-46A3-BA82-DBA2161DBAC9}.Debug|Any CPU.Build.0 = Debug|Any CPU
		{0FF43960-7762-46A3-BA82-DBA2161DBAC9}.Debug|Mixed Platforms.ActiveCfg = Debug|Any CPU
		{0FF43960-7762-46A3-BA82-DBA2161DBAC9}.Debug|Mixed Platforms.Build.0 = Debug|Any CPU
		{0FF43960-7762-46A3-BA82-DBA2161DBAC9}.Debug|x86.ActiveCfg = Debug|Any CPU
		{0FF43960-7762-46A3-BA82-DBA2161DBAC9}.Release|Any CPU.ActiveCfg = Release|Any CPU
		{0FF43960-7762-46A3-BA82-DBA2161DBAC9}.Release|Any CPU.Build.0 = Release|Any CPU
		{0FF43960-7762-46A3-BA82-DBA2161DBAC9}.Release|Mixed Platforms.ActiveCfg = Release|Any CPU
		{0FF43960-7762-46A3-BA82-DBA2161DBAC9}.Release|Mixed Platforms.Build.0 = Release|Any CPU
		{0FF43960-7762-46A3-BA82-DBA2161DBAC9}.Release|x86.ActiveCfg = Release|Any CPU
		{14BB7A5D-3FED-49A7-9BE1-B4F6BF8BF557}.Debug|Any CPU.ActiveCfg = Debug|Any CPU
		{14BB7A5D-3FED-49A7-9BE1-B4F6BF8BF557}.Debug|Any CPU.Build.0 = Debug|Any CPU
		{14BB7A5D-3FED-49A7-9BE1-B4F6BF8BF557}.Debug|Mixed Platforms.ActiveCfg = Debug|Any CPU
		{14BB7A5D-3FED-49A7-9BE1-B4F6BF8BF557}.Debug|Mixed Platforms.Build.0 = Debug|Any CPU
		{14BB7A5D-3FED-49A7-9BE1-B4F6BF8BF557}.Debug|x86.ActiveCfg = Debug|Any CPU
		{14BB7A5D-3FED-49A7-9BE1-B4F6BF8BF557}.Release|Any CPU.ActiveCfg = Release|Any CPU
		{14BB7A5D-3FED-49A7-9BE1-B4F6BF8BF557}.Release|Any CPU.Build.0 = Release|Any CPU
		{14BB7A5D-3FED-49A7-9BE1-B4F6BF8BF557}.Release|Mixed Platforms.ActiveCfg = Release|Any CPU
		{14BB7A5D-3FED-49A7-9BE1-B4F6BF8BF557}.Release|Mixed Platforms.Build.0 = Release|Any CPU
		{14BB7A5D-3FED-49A7-9BE1-B4F6BF8BF557}.Release|x86.ActiveCfg = Release|Any CPU
		{AC90D9D3-8BF2-4B70-A11C-63893116EFE1}.Debug|Any CPU.ActiveCfg = Debug|Any CPU
		{AC90D9D3-8BF2-4B70-A11C-63893116EFE1}.Debug|Any CPU.Build.0 = Debug|Any CPU
		{AC90D9D3-8BF2-4B70-A11C-63893116EFE1}.Debug|Mixed Platforms.ActiveCfg = Debug|Any CPU
		{AC90D9D3-8BF2-4B70-A11C-63893116EFE1}.Debug|Mixed Platforms.Build.0 = Debug|Any CPU
		{AC90D9D3-8BF2-4B70-A11C-63893116EFE1}.Debug|x86.ActiveCfg = Debug|Any CPU
		{AC90D9D3-8BF2-4B70-A11C-63893116EFE1}.Release|Any CPU.ActiveCfg = Release|Any CPU
		{AC90D9D3-8BF2-4B70-A11C-63893116EFE1}.Release|Any CPU.Build.0 = Release|Any CPU
		{AC90D9D3-8BF2-4B70-A11C-63893116EFE1}.Release|Mixed Platforms.ActiveCfg = Release|Any CPU
		{AC90D9D3-8BF2-4B70-A11C-63893116EFE1}.Release|Mixed Platforms.Build.0 = Release|Any CPU
		{AC90D9D3-8BF2-4B70-A11C-63893116EFE1}.Release|x86.ActiveCfg = Release|Any CPU
		{D51419D9-47CB-480F-9BA1-5DA6585D73C7}.Debug|Any CPU.ActiveCfg = Debug|Any CPU
		{D51419D9-47CB-480F-9BA1-5DA6585D73C7}.Debug|Any CPU.Build.0 = Debug|Any CPU
		{D51419D9-47CB-480F-9BA1-5DA6585D73C7}.Debug|Mixed Platforms.ActiveCfg = Debug|Any CPU
		{D51419D9-47CB-480F-9BA1-5DA6585D73C7}.Debug|Mixed Platforms.Build.0 = Debug|Any CPU
		{D51419D9-47CB-480F-9BA1-5DA6585D73C7}.Debug|x86.ActiveCfg = Debug|Any CPU
		{D51419D9-47CB-480F-9BA1-5DA6585D73C7}.Release|Any CPU.ActiveCfg = Release|Any CPU
		{D51419D9-47CB-480F-9BA1-5DA6585D73C7}.Release|Any CPU.Build.0 = Release|Any CPU
		{D51419D9-47CB-480F-9BA1-5DA6585D73C7}.Release|Mixed Platforms.ActiveCfg = Release|Any CPU
		{D51419D9-47CB-480F-9BA1-5DA6585D73C7}.Release|Mixed Platforms.Build.0 = Release|Any CPU
		{D51419D9-47CB-480F-9BA1-5DA6585D73C7}.Release|x86.ActiveCfg = Release|Any CPU
		{5033C424-2DB0-4171-82B6-AE08EE0D9FB4}.Debug|Any CPU.ActiveCfg = Debug|x86
		{5033C424-2DB0-4171-82B6-AE08EE0D9FB4}.Debug|Mixed Platforms.ActiveCfg = Debug|x86
		{5033C424-2DB0-4171-82B6-AE08EE0D9FB4}.Debug|Mixed Platforms.Build.0 = Debug|x86
		{5033C424-2DB0-4171-82B6-AE08EE0D9FB4}.Debug|x86.ActiveCfg = Debug|x86
		{5033C424-2DB0-4171-82B6-AE08EE0D9FB4}.Debug|x86.Build.0 = Debug|x86
		{5033C424-2DB0-4171-82B6-AE08EE0D9FB4}.Release|Any CPU.ActiveCfg = Release|x86
		{5033C424-2DB0-4171-82B6-AE08EE0D9FB4}.Release|Mixed Platforms.ActiveCfg = Release|x86
		{5033C424-2DB0-4171-82B6-AE08EE0D9FB4}.Release|Mixed Platforms.Build.0 = Release|x86
		{5033C424-2DB0-4171-82B6-AE08EE0D9FB4}.Release|x86.ActiveCfg = Release|x86
		{5033C424-2DB0-4171-82B6-AE08EE0D9FB4}.Release|x86.Build.0 = Release|x86
		{B3D39F6B-980E-4B0F-B58E-BF295A936B2C}.Debug|Any CPU.ActiveCfg = Debug|Any CPU
		{B3D39F6B-980E-4B0F-B58E-BF295A936B2C}.Debug|Any CPU.Build.0 = Debug|Any CPU
		{B3D39F6B-980E-4B0F-B58E-BF295A936B2C}.Debug|Mixed Platforms.ActiveCfg = Debug|Any CPU
		{B3D39F6B-980E-4B0F-B58E-BF295A936B2C}.Debug|Mixed Platforms.Build.0 = Debug|Any CPU
		{B3D39F6B-980E-4B0F-B58E-BF295A936B2C}.Debug|x86.ActiveCfg = Debug|Any CPU
		{B3D39F6B-980E-4B0F-B58E-BF295A936B2C}.Release|Any CPU.ActiveCfg = Release|Any CPU
		{B3D39F6B-980E-4B0F-B58E-BF295A936B2C}.Release|Any CPU.Build.0 = Release|Any CPU
		{B3D39F6B-980E-4B0F-B58E-BF295A936B2C}.Release|Mixed Platforms.ActiveCfg = Release|Any CPU
		{B3D39F6B-980E-4B0F-B58E-BF295A936B2C}.Release|Mixed Platforms.Build.0 = Release|Any CPU
		{B3D39F6B-980E-4B0F-B58E-BF295A936B2C}.Release|x86.ActiveCfg = Release|Any CPU
		{9A604E09-0CC1-4E81-9C4B-137DC35FDE7A}.Debug|Any CPU.ActiveCfg = Debug|Any CPU
		{9A604E09-0CC1-4E81-9C4B-137DC35FDE7A}.Debug|Any CPU.Build.0 = Debug|Any CPU
		{9A604E09-0CC1-4E81-9C4B-137DC35FDE7A}.Debug|Mixed Platforms.ActiveCfg = Debug|Any CPU
		{9A604E09-0CC1-4E81-9C4B-137DC35FDE7A}.Debug|Mixed Platforms.Build.0 = Debug|Any CPU
		{9A604E09-0CC1-4E81-9C4B-137DC35FDE7A}.Debug|x86.ActiveCfg = Debug|Any CPU
		{9A604E09-0CC1-4E81-9C4B-137DC35FDE7A}.Release|Any CPU.ActiveCfg = Release|Any CPU
		{9A604E09-0CC1-4E81-9C4B-137DC35FDE7A}.Release|Any CPU.Build.0 = Release|Any CPU
		{9A604E09-0CC1-4E81-9C4B-137DC35FDE7A}.Release|Mixed Platforms.ActiveCfg = Release|Any CPU
		{9A604E09-0CC1-4E81-9C4B-137DC35FDE7A}.Release|Mixed Platforms.Build.0 = Release|Any CPU
		{9A604E09-0CC1-4E81-9C4B-137DC35FDE7A}.Release|x86.ActiveCfg = Release|Any CPU
	EndGlobalSection
	GlobalSection(SolutionProperties) = preSolution
		HideSolutionNode = FALSE
	EndGlobalSection
	GlobalSection(NestedProjects) = preSolution
		{02AC0AB1-A2F4-4B34-B0FA-E004EB1A60DA} = {8953A4A0-B92A-4C85-A690-F9C9248DE52F}
		{E912C668-ED80-471E-9E57-BDB10394E47B} = {8953A4A0-B92A-4C85-A690-F9C9248DE52F}
		{C0BA6034-C107-4295-B494-BA6163C8B6E4} = {8953A4A0-B92A-4C85-A690-F9C9248DE52F}
		{0A237283-3525-405E-B571-79D40170C763} = {8953A4A0-B92A-4C85-A690-F9C9248DE52F}
		{513E2CF7-8C8E-4321-84BD-5663AE3F58C1} = {8953A4A0-B92A-4C85-A690-F9C9248DE52F}
		{6FE7A292-4EF7-4DA1-95AF-6F03822042E7} = {8953A4A0-B92A-4C85-A690-F9C9248DE52F}
		{9E656B3A-FF1E-4CA4-8E6B-4BD7ADF1809F} = {8953A4A0-B92A-4C85-A690-F9C9248DE52F}
		{006D53FD-73F1-47F9-B17E-E858B3DC52D8} = {8953A4A0-B92A-4C85-A690-F9C9248DE52F}
		{DEE68EFC-926D-4FBF-9ACB-E5539E2313E6} = {8953A4A0-B92A-4C85-A690-F9C9248DE52F}
		{2494FF0C-7ABE-4F07-A66B-D209B061CD58} = {8953A4A0-B92A-4C85-A690-F9C9248DE52F}
		{8687E437-6EB9-4EB2-A8D1-A98E2C3971C3} = {8953A4A0-B92A-4C85-A690-F9C9248DE52F}
		{0FF43960-7762-46A3-BA82-DBA2161DBAC9} = {8953A4A0-B92A-4C85-A690-F9C9248DE52F}
		{14BB7A5D-3FED-49A7-9BE1-B4F6BF8BF557} = {8953A4A0-B92A-4C85-A690-F9C9248DE52F}
		{AC90D9D3-8BF2-4B70-A11C-63893116EFE1} = {8953A4A0-B92A-4C85-A690-F9C9248DE52F}
		{D51419D9-47CB-480F-9BA1-5DA6585D73C7} = {8953A4A0-B92A-4C85-A690-F9C9248DE52F}
		{B3D39F6B-980E-4B0F-B58E-BF295A936B2C} = {8953A4A0-B92A-4C85-A690-F9C9248DE52F}
		{9A604E09-0CC1-4E81-9C4B-137DC35FDE7A} = {8953A4A0-B92A-4C85-A690-F9C9248DE52F}
		{6BCF22E0-E321-431B-AEE2-981A03C66E09} = {33996AAF-6205-4DE7-9A96-B4FDFA064E7F}
		{D0299C27-537C-42CE-B313-9F4D34EF8395} = {33996AAF-6205-4DE7-9A96-B4FDFA064E7F}
		{DAA78F38-1405-4971-AB8D-1D42FD41B848} = {33996AAF-6205-4DE7-9A96-B4FDFA064E7F}
		{7DD77C51-A1D5-486A-948A-20AA80C4D55E} = {33996AAF-6205-4DE7-9A96-B4FDFA064E7F}
		{229D1074-FFB5-46FA-A6E3-75007D98C19A} = {33996AAF-6205-4DE7-9A96-B4FDFA064E7F}
		{095E71A3-34EE-4741-8C04-5E6D96E43B2F} = {33996AAF-6205-4DE7-9A96-B4FDFA064E7F}
		{4E862695-27DA-49EB-B567-586767F731BA} = {33996AAF-6205-4DE7-9A96-B4FDFA064E7F}
		{F5C5643E-5457-4996-B0FB-7ADA360107B5} = {33996AAF-6205-4DE7-9A96-B4FDFA064E7F}
		{B7D55FAC-47D6-45E4-8352-CF9980DC93D0} = {B46E9F9D-F31E-4114-B813-2D8EC1B2FC6E}
		{57F749C6-E68D-4E01-B23F-F58E14745FF8} = {B46E9F9D-F31E-4114-B813-2D8EC1B2FC6E}
		{EEF576C7-FF70-4949-8999-B716C1F7245C} = {B46E9F9D-F31E-4114-B813-2D8EC1B2FC6E}
		{440ACB41-EA41-4BC4-87BA-FB6498EBD909} = {B46E9F9D-F31E-4114-B813-2D8EC1B2FC6E}
		{874C73B7-5FEE-4726-BCA1-344B75569B2C} = {B46E9F9D-F31E-4114-B813-2D8EC1B2FC6E}
		{49BD6C0E-5494-41B0-B4EC-6E7AA4C7ACF2} = {60CB3FFB-0F18-4BCA-8CED-F38C7B2B78B9}
		{5033C424-2DB0-4171-82B6-AE08EE0D9FB4} = {97BD7A1B-B62D-4FC5-B94E-A78533D905BA}
	EndGlobalSection
EndGlobal
