
Microsoft Visual Studio Solution File, Format Version 11.00
# Visual Studio 2010
Project("{FAE04EC0-301F-11D3-BF4B-00C04F79EFBC}") = "TaskManagement", "Class Libraries\TaskManagement\TaskManagement.csproj", "{7D95675C-9277-4AA6-9A78-2F5522D78207}"
EndProject
Project("{FAE04EC0-301F-11D3-BF4B-00C04F79EFBC}") = "TaskManagement.Examples", "Class Libraries\TaskManagement.Examples\TaskManagement.Examples.csproj", "{18FCB723-73DA-4544-87A3-41F6A9EE70DC}"
EndProject
Project("{FAE04EC0-301F-11D3-BF4B-00C04F79EFBC}") = "TaskManagement.Facts", "Class Libraries\TaskManagement.Facts\TaskManagement.Facts.csproj", "{08C8B40A-9858-424F-8468-9DFE1082EA79}"
EndProject
Global
	GlobalSection(SolutionConfigurationPlatforms) = preSolution
		Debug|Any CPU = Debug|Any CPU
		Release|Any CPU = Release|Any CPU
	EndGlobalSection
	GlobalSection(ProjectConfigurationPlatforms) = postSolution
		{7D95675C-9277-4AA6-9A78-2F5522D78207}.Debug|Any CPU.ActiveCfg = Debug|Any CPU
		{7D95675C-9277-4AA6-9A78-2F5522D78207}.Debug|Any CPU.Build.0 = Debug|Any CPU
		{7D95675C-9277-4AA6-9A78-2F5522D78207}.Release|Any CPU.ActiveCfg = Release|Any CPU
		{7D95675C-9277-4AA6-9A78-2F5522D78207}.Release|Any CPU.Build.0 = Release|Any CPU
		{08C8B40A-9858-424F-8468-9DFE1082EA79}.Debug|Any CPU.ActiveCfg = Debug|Any CPU
		{08C8B40A-9858-424F-8468-9DFE1082EA79}.Debug|Any CPU.Build.0 = Debug|Any CPU
		{08C8B40A-9858-424F-8468-9DFE1082EA79}.Release|Any CPU.ActiveCfg = Release|Any CPU
		{08C8B40A-9858-424F-8468-9DFE1082EA79}.Release|Any CPU.Build.0 = Release|Any CPU
		{18FCB723-73DA-4544-87A3-41F6A9EE70DC}.Debug|Any CPU.ActiveCfg = Debug|Any CPU
		{18FCB723-73DA-4544-87A3-41F6A9EE70DC}.Debug|Any CPU.Build.0 = Debug|Any CPU
		{18FCB723-73DA-4544-87A3-41F6A9EE70DC}.Release|Any CPU.ActiveCfg = Release|Any CPU
		{18FCB723-73DA-4544-87A3-41F6A9EE70DC}.Release|Any CPU.Build.0 = Release|Any CPU
	EndGlobalSection
	GlobalSection(SolutionProperties) = preSolution
		HideSolutionNode = FALSE
	EndGlobalSection
EndGlobal
